// !$*UTF8*$!
{
	archiveVersion = 1;
	classes = {
	};
	objectVersion = 46;
	objects = {

/* Begin PBXBuildFile section */
		07685E4F8B9F43FA83319E86 /* libPods.a in Frameworks */ = {isa = PBXBuildFile; fileRef = DAEEE7DE87B34958B55F4214 /* libPods.a */; };
		0D03F140191D1DFA00AE0EF9 /* SGAPIClient.m in Sources */ = {isa = PBXBuildFile; fileRef = 0D03F13E191D1DFA00AE0EF9 /* SGAPIClient.m */; };
		0D03F1B4191D1EF100AE0EF9 /* SGServerConstants.m in Sources */ = {isa = PBXBuildFile; fileRef = 0D03F1B3191D1EF100AE0EF9 /* SGServerConstants.m */; };
		0D03F1B7191D1EF800AE0EF9 /* SGConstants.m in Sources */ = {isa = PBXBuildFile; fileRef = 0D03F1B6191D1EF800AE0EF9 /* SGConstants.m */; };
		0D03F1BA191D1F0800AE0EF9 /* CGUtils.m in Sources */ = {isa = PBXBuildFile; fileRef = 0D03F1B9191D1F0700AE0EF9 /* CGUtils.m */; };
		0D03F1BD191D1F0D00AE0EF9 /* NSString+MD5.m in Sources */ = {isa = PBXBuildFile; fileRef = 0D03F1BC191D1F0D00AE0EF9 /* NSString+MD5.m */; };
		0D5155FD191D24C400FD9378 /* JNFileUtils.m in Sources */ = {isa = PBXBuildFile; fileRef = 0D5155FC191D24C400FD9378 /* JNFileUtils.m */; };
		0D515605191D264D00FD9378 /* JNSimpleDataStore.m in Sources */ = {isa = PBXBuildFile; fileRef = 0D515604191D264D00FD9378 /* JNSimpleDataStore.m */; };
		0D515609191D276F00FD9378 /* SGStatusBarNotification.m in Sources */ = {isa = PBXBuildFile; fileRef = 0D515608191D276F00FD9378 /* SGStatusBarNotification.m */; };
		0D51560D191D286900FD9378 /* JNAppManager.m in Sources */ = {isa = PBXBuildFile; fileRef = 0D51560C191D286900FD9378 /* JNAppManager.m */; };
		0D515611191D29DA00FD9378 /* SGMetrics.m in Sources */ = {isa = PBXBuildFile; fileRef = 0D515610191D29DA00FD9378 /* SGMetrics.m */; };
		0D5156BF191D2DFD00FD9378 /* SGBuildContacts.m in Sources */ = {isa = PBXBuildFile; fileRef = 0D51567C191D2DFD00FD9378 /* SGBuildContacts.m */; };
		0D5156C0191D2DFD00FD9378 /* SGContact+Service.m in Sources */ = {isa = PBXBuildFile; fileRef = 0D51567E191D2DFD00FD9378 /* SGContact+Service.m */; };
		0D5156C1191D2DFD00FD9378 /* SGContact.m in Sources */ = {isa = PBXBuildFile; fileRef = 0D515680191D2DFD00FD9378 /* SGContact.m */; };
		0D5156C2191D2DFD00FD9378 /* SGMembership+Service.m in Sources */ = {isa = PBXBuildFile; fileRef = 0D515683191D2DFD00FD9378 /* SGMembership+Service.m */; };
		0D5156C3191D2DFD00FD9378 /* SGMembership.m in Sources */ = {isa = PBXBuildFile; fileRef = 0D515685191D2DFD00FD9378 /* SGMembership.m */; };
		0D5156C4191D2DFD00FD9378 /* SGBaseModel.m in Sources */ = {isa = PBXBuildFile; fileRef = 0D515687191D2DFD00FD9378 /* SGBaseModel.m */; };
		0D5156C5191D2DFD00FD9378 /* SGConversation+Service.m in Sources */ = {isa = PBXBuildFile; fileRef = 0D515689191D2DFD00FD9378 /* SGConversation+Service.m */; };
		0D5156C6191D2DFD00FD9378 /* SGConversation.m in Sources */ = {isa = PBXBuildFile; fileRef = 0D51568B191D2DFD00FD9378 /* SGConversation.m */; };
		0D5156C7191D2DFD00FD9378 /* SGConversationObject.m in Sources */ = {isa = PBXBuildFile; fileRef = 0D51568D191D2DFD00FD9378 /* SGConversationObject.m */; };
		0D5156C8191D2DFD00FD9378 /* SGDatabase.m in Sources */ = {isa = PBXBuildFile; fileRef = 0D51568F191D2DFD00FD9378 /* SGDatabase.m */; };
		0D5156C9191D2DFD00FD9378 /* SGInvitee+Service.m in Sources */ = {isa = PBXBuildFile; fileRef = 0D515691191D2DFD00FD9378 /* SGInvitee+Service.m */; };
		0D5156CA191D2DFD00FD9378 /* SGInvitee.m in Sources */ = {isa = PBXBuildFile; fileRef = 0D515693191D2DFD00FD9378 /* SGInvitee.m */; };
		0D5156CB191D2DFD00FD9378 /* SGMessage+Service.m in Sources */ = {isa = PBXBuildFile; fileRef = 0D515695191D2DFD00FD9378 /* SGMessage+Service.m */; };
		0D5156CC191D2DFD00FD9378 /* SGMessage.m in Sources */ = {isa = PBXBuildFile; fileRef = 0D515697191D2DFD00FD9378 /* SGMessage.m */; };
		0D5156CD191D2DFD00FD9378 /* SGMessageText+Service.m in Sources */ = {isa = PBXBuildFile; fileRef = 0D515699191D2DFD00FD9378 /* SGMessageText+Service.m */; };
		0D5156CE191D2DFD00FD9378 /* SGMessageText.m in Sources */ = {isa = PBXBuildFile; fileRef = 0D51569B191D2DFD00FD9378 /* SGMessageText.m */; };
		0D5156CF191D2DFD00FD9378 /* SGPendingVideo+Service.m in Sources */ = {isa = PBXBuildFile; fileRef = 0D51569D191D2DFD00FD9378 /* SGPendingVideo+Service.m */; };
		0D5156D0191D2DFD00FD9378 /* SGPendingVideo.m in Sources */ = {isa = PBXBuildFile; fileRef = 0D51569F191D2DFD00FD9378 /* SGPendingVideo.m */; };
		0D5156D1191D2DFD00FD9378 /* SGSchemaAppVersion+Service.m in Sources */ = {isa = PBXBuildFile; fileRef = 0D5156A1191D2DFD00FD9378 /* SGSchemaAppVersion+Service.m */; };
		0D5156D2191D2DFD00FD9378 /* SGSchemaAppVersion.m in Sources */ = {isa = PBXBuildFile; fileRef = 0D5156A3191D2DFD00FD9378 /* SGSchemaAppVersion.m */; };
		0D5156D3191D2DFD00FD9378 /* SGSession.m in Sources */ = {isa = PBXBuildFile; fileRef = 0D5156A5191D2DFD00FD9378 /* SGSession.m */; };
		0D5156D4191D2DFD00FD9378 /* SGSync.m in Sources */ = {isa = PBXBuildFile; fileRef = 0D5156A7191D2DFD00FD9378 /* SGSync.m */; };
		0D5156D5191D2DFD00FD9378 /* SGVideo+Service.m in Sources */ = {isa = PBXBuildFile; fileRef = 0D5156A9191D2DFD00FD9378 /* SGVideo+Service.m */; };
		0D5156D6191D2DFD00FD9378 /* SGVideo.m in Sources */ = {isa = PBXBuildFile; fileRef = 0D5156AB191D2DFD00FD9378 /* SGVideo.m */; };
		0D5156D7191D2DFD00FD9378 /* SGVideodata.m in Sources */ = {isa = PBXBuildFile; fileRef = 0D5156AD191D2DFD00FD9378 /* SGVideodata.m */; };
		0D5156D8191D2DFD00FD9378 /* SGFriend+Service.m in Sources */ = {isa = PBXBuildFile; fileRef = 0D5156B0191D2DFD00FD9378 /* SGFriend+Service.m */; };
		0D5156D9191D2DFD00FD9378 /* SGFriend.m in Sources */ = {isa = PBXBuildFile; fileRef = 0D5156B2191D2DFD00FD9378 /* SGFriend.m */; };
		0D5156DA191D2DFD00FD9378 /* SGRecentFriend+Service.m in Sources */ = {isa = PBXBuildFile; fileRef = 0D5156B4191D2DFD00FD9378 /* SGRecentFriend+Service.m */; };
		0D5156DB191D2DFD00FD9378 /* SGRecentFriend.m in Sources */ = {isa = PBXBuildFile; fileRef = 0D5156B6191D2DFD00FD9378 /* SGRecentFriend.m */; };
		0D5156DC191D2DFD00FD9378 /* SGUnaddedFriend+Service.m in Sources */ = {isa = PBXBuildFile; fileRef = 0D5156B8191D2DFD00FD9378 /* SGUnaddedFriend+Service.m */; };
		0D5156DD191D2DFD00FD9378 /* SGUnaddedFriend.m in Sources */ = {isa = PBXBuildFile; fileRef = 0D5156BA191D2DFD00FD9378 /* SGUnaddedFriend.m */; };
		0D5156DE191D2DFD00FD9378 /* SGUser+Service.m in Sources */ = {isa = PBXBuildFile; fileRef = 0D5156BC191D2DFD00FD9378 /* SGUser+Service.m */; };
		0D5156DF191D2DFD00FD9378 /* SGUser.m in Sources */ = {isa = PBXBuildFile; fileRef = 0D5156BE191D2DFD00FD9378 /* SGUser.m */; };
		0D5156F5191D355D00FD9378 /* HBCountryPickerViewController.m in Sources */ = {isa = PBXBuildFile; fileRef = 0D5156E2191D355D00FD9378 /* HBCountryPickerViewController.m */; };
		0D5156F6191D355D00FD9378 /* HBCountryPickerViewController.xib in Resources */ = {isa = PBXBuildFile; fileRef = 0D5156E3191D355D00FD9378 /* HBCountryPickerViewController.xib */; };
		0D5156F7191D355D00FD9378 /* HBLoginViewController.m in Sources */ = {isa = PBXBuildFile; fileRef = 0D5156E5191D355D00FD9378 /* HBLoginViewController.m */; };
		0D5156F9191D355D00FD9378 /* HBLoginViewController.xib in Resources */ = {isa = PBXBuildFile; fileRef = 0D5156E7191D355D00FD9378 /* HBLoginViewController.xib */; };
		0D5156FA191D355D00FD9378 /* HBRegisterViewController.m in Sources */ = {isa = PBXBuildFile; fileRef = 0D5156E9191D355D00FD9378 /* HBRegisterViewController.m */; };
		0D5156FB191D355D00FD9378 /* HBRegisterViewController.xib in Resources */ = {isa = PBXBuildFile; fileRef = 0D5156EA191D355D00FD9378 /* HBRegisterViewController.xib */; };
		0D5156FC191D355D00FD9378 /* HBVerifyPhoneViewController.m in Sources */ = {isa = PBXBuildFile; fileRef = 0D5156EC191D355D00FD9378 /* HBVerifyPhoneViewController.m */; };
		0D5156FD191D355D00FD9378 /* HBVerifyPhoneViewController.xib in Resources */ = {isa = PBXBuildFile; fileRef = 0D5156ED191D355D00FD9378 /* HBVerifyPhoneViewController.xib */; };
		0D5156FE191D355D00FD9378 /* SGConversationsViewController.m in Sources */ = {isa = PBXBuildFile; fileRef = 0D5156F0191D355D00FD9378 /* SGConversationsViewController.m */; };
		0D5156FF191D355D00FD9378 /* SGConversationsViewController.xib in Resources */ = {isa = PBXBuildFile; fileRef = 0D5156F1191D355D00FD9378 /* SGConversationsViewController.xib */; };
		0D515700191D355D00FD9378 /* SGCreateThreadViewController.m in Sources */ = {isa = PBXBuildFile; fileRef = 0D5156F3191D355D00FD9378 /* SGCreateThreadViewController.m */; };
		0D515701191D355D00FD9378 /* SGCreateThreadViewController.xib in Resources */ = {isa = PBXBuildFile; fileRef = 0D5156F4191D355D00FD9378 /* SGCreateThreadViewController.xib */; };
		0D515705191D359300FD9378 /* SGInitialViewController.m in Sources */ = {isa = PBXBuildFile; fileRef = 0D515703191D359300FD9378 /* SGInitialViewController.m */; };
		0D515706191D359400FD9378 /* SGInitialViewController.xib in Resources */ = {isa = PBXBuildFile; fileRef = 0D515704191D359300FD9378 /* SGInitialViewController.xib */; };
		0D51570C191D3BA000FD9378 /* DiallingCodes.plist in Resources */ = {isa = PBXBuildFile; fileRef = 0D515709191D3BA000FD9378 /* DiallingCodes.plist */; };
		0D51570D191D3BA000FD9378 /* HMDiallingCode.m in Sources */ = {isa = PBXBuildFile; fileRef = 0D51570B191D3BA000FD9378 /* HMDiallingCode.m */; };
		0D515710191D54B800FD9378 /* SGSmallModalView.m in Sources */ = {isa = PBXBuildFile; fileRef = 0D51570F191D54B800FD9378 /* SGSmallModalView.m */; };
		0D515715191D591500FD9378 /* Localizable.strings in Resources */ = {isa = PBXBuildFile; fileRef = 0D515717191D591500FD9378 /* Localizable.strings */; };
		0D51571A191D59ED00FD9378 /* HBWelcomeFlow.m in Sources */ = {isa = PBXBuildFile; fileRef = 0D515719191D59ED00FD9378 /* HBWelcomeFlow.m */; };
		0D51571F191D5A7A00FD9378 /* HBBaseWelcomeViewController.m in Sources */ = {isa = PBXBuildFile; fileRef = 0D51571C191D5A7A00FD9378 /* HBBaseWelcomeViewController.m */; };
		0D515724191D60F000FD9378 /* HBWelcomeStartViewController.m in Sources */ = {isa = PBXBuildFile; fileRef = 0D515722191D60F000FD9378 /* HBWelcomeStartViewController.m */; };
		0D515725191D60F000FD9378 /* HBWelcomeStartViewController.xib in Resources */ = {isa = PBXBuildFile; fileRef = 0D515723191D60F000FD9378 /* HBWelcomeStartViewController.xib */; };
		0D515728191D61EF00FD9378 /* HBWelcomeAllowPushViewController.m in Sources */ = {isa = PBXBuildFile; fileRef = 0D515727191D61EF00FD9378 /* HBWelcomeAllowPushViewController.m */; };
		0D51572C191D634F00FD9378 /* HBPushNotificationHandler.m in Sources */ = {isa = PBXBuildFile; fileRef = 0D51572B191D634F00FD9378 /* HBPushNotificationHandler.m */; };
		0D66D675191C7A6100510F35 /* Foundation.framework in Frameworks */ = {isa = PBXBuildFile; fileRef = 0D66D674191C7A6100510F35 /* Foundation.framework */; };
		0D66D677191C7A6100510F35 /* CoreGraphics.framework in Frameworks */ = {isa = PBXBuildFile; fileRef = 0D66D676191C7A6100510F35 /* CoreGraphics.framework */; };
		0D66D679191C7A6100510F35 /* UIKit.framework in Frameworks */ = {isa = PBXBuildFile; fileRef = 0D66D678191C7A6100510F35 /* UIKit.framework */; };
		0D66D67F191C7A6100510F35 /* InfoPlist.strings in Resources */ = {isa = PBXBuildFile; fileRef = 0D66D67D191C7A6100510F35 /* InfoPlist.strings */; };
		0D66D681191C7A6100510F35 /* main.m in Sources */ = {isa = PBXBuildFile; fileRef = 0D66D680191C7A6100510F35 /* main.m */; };
		0D66D685191C7A6100510F35 /* SGAppDelegate.m in Sources */ = {isa = PBXBuildFile; fileRef = 0D66D684191C7A6100510F35 /* SGAppDelegate.m */; };
		0D66D687191C7A6100510F35 /* Images.xcassets in Resources */ = {isa = PBXBuildFile; fileRef = 0D66D686191C7A6100510F35 /* Images.xcassets */; };
		0D66D68E191C7A6100510F35 /* XCTest.framework in Frameworks */ = {isa = PBXBuildFile; fileRef = 0D66D68D191C7A6100510F35 /* XCTest.framework */; };
		0D66D68F191C7A6100510F35 /* Foundation.framework in Frameworks */ = {isa = PBXBuildFile; fileRef = 0D66D674191C7A6100510F35 /* Foundation.framework */; };
		0D66D690191C7A6100510F35 /* UIKit.framework in Frameworks */ = {isa = PBXBuildFile; fileRef = 0D66D678191C7A6100510F35 /* UIKit.framework */; };
		0D66D698191C7A6100510F35 /* InfoPlist.strings in Resources */ = {isa = PBXBuildFile; fileRef = 0D66D696191C7A6100510F35 /* InfoPlist.strings */; };
		0D66D69A191C7A6100510F35 /* SignalPrototypeTests.m in Sources */ = {isa = PBXBuildFile; fileRef = 0D66D699191C7A6100510F35 /* SignalPrototypeTests.m */; };
		0D66D6B9191C7B6E00510F35 /* JNAlertView.m in Sources */ = {isa = PBXBuildFile; fileRef = 0D66D6A5191C7B6E00510F35 /* JNAlertView.m */; };
		0D66D6BA191C7B6E00510F35 /* JNIcon.m in Sources */ = {isa = PBXBuildFile; fileRef = 0D66D6A7191C7B6E00510F35 /* JNIcon.m */; };
		0D66D6BB191C7B6E00510F35 /* JNViewController.m in Sources */ = {isa = PBXBuildFile; fileRef = 0D66D6A9191C7B6E00510F35 /* JNViewController.m */; };
		0D66D6BC191C7B6E00510F35 /* NSObject+JNHelper.m in Sources */ = {isa = PBXBuildFile; fileRef = 0D66D6AB191C7B6E00510F35 /* NSObject+JNHelper.m */; };
		0D66D6BD191C7B6E00510F35 /* UIColor+JNHelper.m in Sources */ = {isa = PBXBuildFile; fileRef = 0D66D6AD191C7B6E00510F35 /* UIColor+JNHelper.m */; };
		0D66D6BE191C7B6E00510F35 /* UIFont+JNHelper.m in Sources */ = {isa = PBXBuildFile; fileRef = 0D66D6AF191C7B6E00510F35 /* UIFont+JNHelper.m */; };
		0D66D6BF191C7B6E00510F35 /* UIImage+JNHelper.m in Sources */ = {isa = PBXBuildFile; fileRef = 0D66D6B1191C7B6E00510F35 /* UIImage+JNHelper.m */; };
		0D66D6C0191C7B6E00510F35 /* UIView+JNHelper.m in Sources */ = {isa = PBXBuildFile; fileRef = 0D66D6B3191C7B6E00510F35 /* UIView+JNHelper.m */; };
		0D66D6C1191C7B6E00510F35 /* UIViewController+JNHelper.m in Sources */ = {isa = PBXBuildFile; fileRef = 0D66D6B5191C7B6E00510F35 /* UIViewController+JNHelper.m */; };
		0D66D6C6191C7BB500510F35 /* JNLogger.m in Sources */ = {isa = PBXBuildFile; fileRef = 0D66D6C5191C7BB500510F35 /* JNLogger.m */; };
/* End PBXBuildFile section */

/* Begin PBXContainerItemProxy section */
		0D66D691191C7A6100510F35 /* PBXContainerItemProxy */ = {
			isa = PBXContainerItemProxy;
			containerPortal = 0D66D669191C7A6100510F35 /* Project object */;
			proxyType = 1;
			remoteGlobalIDString = 0D66D670191C7A6100510F35;
			remoteInfo = SignalPrototype;
		};
/* End PBXContainerItemProxy section */

/* Begin PBXFileReference section */
		0D03F13D191D1DFA00AE0EF9 /* SGAPIClient.h */ = {isa = PBXFileReference; fileEncoding = 4; lastKnownFileType = sourcecode.c.h; path = SGAPIClient.h; sourceTree = "<group>"; };
		0D03F13E191D1DFA00AE0EF9 /* SGAPIClient.m */ = {isa = PBXFileReference; fileEncoding = 4; lastKnownFileType = sourcecode.c.objc; path = SGAPIClient.m; sourceTree = "<group>"; };
		0D03F1B2191D1EF100AE0EF9 /* SGServerConstants.h */ = {isa = PBXFileReference; fileEncoding = 4; lastKnownFileType = sourcecode.c.h; path = SGServerConstants.h; sourceTree = "<group>"; };
		0D03F1B3191D1EF100AE0EF9 /* SGServerConstants.m */ = {isa = PBXFileReference; fileEncoding = 4; lastKnownFileType = sourcecode.c.objc; path = SGServerConstants.m; sourceTree = "<group>"; };
		0D03F1B5191D1EF800AE0EF9 /* SGConstants.h */ = {isa = PBXFileReference; fileEncoding = 4; lastKnownFileType = sourcecode.c.h; path = SGConstants.h; sourceTree = "<group>"; };
		0D03F1B6191D1EF800AE0EF9 /* SGConstants.m */ = {isa = PBXFileReference; fileEncoding = 4; lastKnownFileType = sourcecode.c.objc; path = SGConstants.m; sourceTree = "<group>"; };
		0D03F1B8191D1F0700AE0EF9 /* CGUtils.h */ = {isa = PBXFileReference; fileEncoding = 4; lastKnownFileType = sourcecode.c.h; path = CGUtils.h; sourceTree = "<group>"; };
		0D03F1B9191D1F0700AE0EF9 /* CGUtils.m */ = {isa = PBXFileReference; fileEncoding = 4; lastKnownFileType = sourcecode.c.objc; path = CGUtils.m; sourceTree = "<group>"; };
		0D03F1BB191D1F0D00AE0EF9 /* NSString+MD5.h */ = {isa = PBXFileReference; fileEncoding = 4; lastKnownFileType = sourcecode.c.h; path = "NSString+MD5.h"; sourceTree = "<group>"; };
		0D03F1BC191D1F0D00AE0EF9 /* NSString+MD5.m */ = {isa = PBXFileReference; fileEncoding = 4; lastKnownFileType = sourcecode.c.objc; path = "NSString+MD5.m"; sourceTree = "<group>"; };
		0D5155FB191D24C400FD9378 /* JNFileUtils.h */ = {isa = PBXFileReference; fileEncoding = 4; lastKnownFileType = sourcecode.c.h; path = JNFileUtils.h; sourceTree = "<group>"; };
		0D5155FC191D24C400FD9378 /* JNFileUtils.m */ = {isa = PBXFileReference; fileEncoding = 4; lastKnownFileType = sourcecode.c.objc; path = JNFileUtils.m; sourceTree = "<group>"; };
		0D515603191D264D00FD9378 /* JNSimpleDataStore.h */ = {isa = PBXFileReference; fileEncoding = 4; lastKnownFileType = sourcecode.c.h; path = JNSimpleDataStore.h; sourceTree = "<group>"; };
		0D515604191D264D00FD9378 /* JNSimpleDataStore.m */ = {isa = PBXFileReference; fileEncoding = 4; lastKnownFileType = sourcecode.c.objc; path = JNSimpleDataStore.m; sourceTree = "<group>"; };
		0D515607191D276F00FD9378 /* SGStatusBarNotification.h */ = {isa = PBXFileReference; fileEncoding = 4; lastKnownFileType = sourcecode.c.h; name = SGStatusBarNotification.h; path = Views/SGStatusBarNotification.h; sourceTree = "<group>"; };
		0D515608191D276F00FD9378 /* SGStatusBarNotification.m */ = {isa = PBXFileReference; fileEncoding = 4; lastKnownFileType = sourcecode.c.objc; name = SGStatusBarNotification.m; path = Views/SGStatusBarNotification.m; sourceTree = "<group>"; };
		0D51560B191D286900FD9378 /* JNAppManager.h */ = {isa = PBXFileReference; fileEncoding = 4; lastKnownFileType = sourcecode.c.h; path = JNAppManager.h; sourceTree = "<group>"; };
		0D51560C191D286900FD9378 /* JNAppManager.m */ = {isa = PBXFileReference; fileEncoding = 4; lastKnownFileType = sourcecode.c.objc; path = JNAppManager.m; sourceTree = "<group>"; };
		0D51560F191D29DA00FD9378 /* SGMetrics.h */ = {isa = PBXFileReference; fileEncoding = 4; lastKnownFileType = sourcecode.c.h; path = SGMetrics.h; sourceTree = "<group>"; };
		0D515610191D29DA00FD9378 /* SGMetrics.m */ = {isa = PBXFileReference; fileEncoding = 4; lastKnownFileType = sourcecode.c.objc; path = SGMetrics.m; sourceTree = "<group>"; };
		0D51567B191D2DFD00FD9378 /* SGBuildContacts.h */ = {isa = PBXFileReference; fileEncoding = 4; lastKnownFileType = sourcecode.c.h; path = SGBuildContacts.h; sourceTree = "<group>"; };
		0D51567C191D2DFD00FD9378 /* SGBuildContacts.m */ = {isa = PBXFileReference; fileEncoding = 4; lastKnownFileType = sourcecode.c.objc; path = SGBuildContacts.m; sourceTree = "<group>"; };
		0D51567D191D2DFD00FD9378 /* SGContact+Service.h */ = {isa = PBXFileReference; fileEncoding = 4; lastKnownFileType = sourcecode.c.h; path = "SGContact+Service.h"; sourceTree = "<group>"; };
		0D51567E191D2DFD00FD9378 /* SGContact+Service.m */ = {isa = PBXFileReference; fileEncoding = 4; lastKnownFileType = sourcecode.c.objc; path = "SGContact+Service.m"; sourceTree = "<group>"; };
		0D51567F191D2DFD00FD9378 /* SGContact.h */ = {isa = PBXFileReference; fileEncoding = 4; lastKnownFileType = sourcecode.c.h; path = SGContact.h; sourceTree = "<group>"; };
		0D515680191D2DFD00FD9378 /* SGContact.m */ = {isa = PBXFileReference; fileEncoding = 4; lastKnownFileType = sourcecode.c.objc; path = SGContact.m; sourceTree = "<group>"; };
		0D515682191D2DFD00FD9378 /* SGMembership+Service.h */ = {isa = PBXFileReference; fileEncoding = 4; lastKnownFileType = sourcecode.c.h; path = "SGMembership+Service.h"; sourceTree = "<group>"; };
		0D515683191D2DFD00FD9378 /* SGMembership+Service.m */ = {isa = PBXFileReference; fileEncoding = 4; lastKnownFileType = sourcecode.c.objc; path = "SGMembership+Service.m"; sourceTree = "<group>"; };
		0D515684191D2DFD00FD9378 /* SGMembership.h */ = {isa = PBXFileReference; fileEncoding = 4; lastKnownFileType = sourcecode.c.h; path = SGMembership.h; sourceTree = "<group>"; };
		0D515685191D2DFD00FD9378 /* SGMembership.m */ = {isa = PBXFileReference; fileEncoding = 4; lastKnownFileType = sourcecode.c.objc; path = SGMembership.m; sourceTree = "<group>"; };
		0D515686191D2DFD00FD9378 /* SGBaseModel.h */ = {isa = PBXFileReference; fileEncoding = 4; lastKnownFileType = sourcecode.c.h; path = SGBaseModel.h; sourceTree = "<group>"; };
		0D515687191D2DFD00FD9378 /* SGBaseModel.m */ = {isa = PBXFileReference; fileEncoding = 4; lastKnownFileType = sourcecode.c.objc; path = SGBaseModel.m; sourceTree = "<group>"; };
		0D515688191D2DFD00FD9378 /* SGConversation+Service.h */ = {isa = PBXFileReference; fileEncoding = 4; lastKnownFileType = sourcecode.c.h; path = "SGConversation+Service.h"; sourceTree = "<group>"; };
		0D515689191D2DFD00FD9378 /* SGConversation+Service.m */ = {isa = PBXFileReference; fileEncoding = 4; lastKnownFileType = sourcecode.c.objc; path = "SGConversation+Service.m"; sourceTree = "<group>"; };
		0D51568A191D2DFD00FD9378 /* SGConversation.h */ = {isa = PBXFileReference; fileEncoding = 4; lastKnownFileType = sourcecode.c.h; path = SGConversation.h; sourceTree = "<group>"; };
		0D51568B191D2DFD00FD9378 /* SGConversation.m */ = {isa = PBXFileReference; fileEncoding = 4; lastKnownFileType = sourcecode.c.objc; path = SGConversation.m; sourceTree = "<group>"; };
		0D51568C191D2DFD00FD9378 /* SGConversationObject.h */ = {isa = PBXFileReference; fileEncoding = 4; lastKnownFileType = sourcecode.c.h; path = SGConversationObject.h; sourceTree = "<group>"; };
		0D51568D191D2DFD00FD9378 /* SGConversationObject.m */ = {isa = PBXFileReference; fileEncoding = 4; lastKnownFileType = sourcecode.c.objc; path = SGConversationObject.m; sourceTree = "<group>"; };
		0D51568E191D2DFD00FD9378 /* SGDatabase.h */ = {isa = PBXFileReference; fileEncoding = 4; lastKnownFileType = sourcecode.c.h; path = SGDatabase.h; sourceTree = "<group>"; };
		0D51568F191D2DFD00FD9378 /* SGDatabase.m */ = {isa = PBXFileReference; fileEncoding = 4; lastKnownFileType = sourcecode.c.objc; path = SGDatabase.m; sourceTree = "<group>"; };
		0D515690191D2DFD00FD9378 /* SGInvitee+Service.h */ = {isa = PBXFileReference; fileEncoding = 4; lastKnownFileType = sourcecode.c.h; path = "SGInvitee+Service.h"; sourceTree = "<group>"; };
		0D515691191D2DFD00FD9378 /* SGInvitee+Service.m */ = {isa = PBXFileReference; fileEncoding = 4; lastKnownFileType = sourcecode.c.objc; path = "SGInvitee+Service.m"; sourceTree = "<group>"; };
		0D515692191D2DFD00FD9378 /* SGInvitee.h */ = {isa = PBXFileReference; fileEncoding = 4; lastKnownFileType = sourcecode.c.h; path = SGInvitee.h; sourceTree = "<group>"; };
		0D515693191D2DFD00FD9378 /* SGInvitee.m */ = {isa = PBXFileReference; fileEncoding = 4; lastKnownFileType = sourcecode.c.objc; path = SGInvitee.m; sourceTree = "<group>"; };
		0D515694191D2DFD00FD9378 /* SGMessage+Service.h */ = {isa = PBXFileReference; fileEncoding = 4; lastKnownFileType = sourcecode.c.h; path = "SGMessage+Service.h"; sourceTree = "<group>"; };
		0D515695191D2DFD00FD9378 /* SGMessage+Service.m */ = {isa = PBXFileReference; fileEncoding = 4; lastKnownFileType = sourcecode.c.objc; path = "SGMessage+Service.m"; sourceTree = "<group>"; };
		0D515696191D2DFD00FD9378 /* SGMessage.h */ = {isa = PBXFileReference; fileEncoding = 4; lastKnownFileType = sourcecode.c.h; path = SGMessage.h; sourceTree = "<group>"; };
		0D515697191D2DFD00FD9378 /* SGMessage.m */ = {isa = PBXFileReference; fileEncoding = 4; lastKnownFileType = sourcecode.c.objc; path = SGMessage.m; sourceTree = "<group>"; };
		0D515698191D2DFD00FD9378 /* SGMessageText+Service.h */ = {isa = PBXFileReference; fileEncoding = 4; lastKnownFileType = sourcecode.c.h; path = "SGMessageText+Service.h"; sourceTree = "<group>"; };
		0D515699191D2DFD00FD9378 /* SGMessageText+Service.m */ = {isa = PBXFileReference; fileEncoding = 4; lastKnownFileType = sourcecode.c.objc; path = "SGMessageText+Service.m"; sourceTree = "<group>"; };
		0D51569A191D2DFD00FD9378 /* SGMessageText.h */ = {isa = PBXFileReference; fileEncoding = 4; lastKnownFileType = sourcecode.c.h; path = SGMessageText.h; sourceTree = "<group>"; };
		0D51569B191D2DFD00FD9378 /* SGMessageText.m */ = {isa = PBXFileReference; fileEncoding = 4; lastKnownFileType = sourcecode.c.objc; path = SGMessageText.m; sourceTree = "<group>"; };
		0D51569C191D2DFD00FD9378 /* SGPendingVideo+Service.h */ = {isa = PBXFileReference; fileEncoding = 4; lastKnownFileType = sourcecode.c.h; path = "SGPendingVideo+Service.h"; sourceTree = "<group>"; };
		0D51569D191D2DFD00FD9378 /* SGPendingVideo+Service.m */ = {isa = PBXFileReference; fileEncoding = 4; lastKnownFileType = sourcecode.c.objc; path = "SGPendingVideo+Service.m"; sourceTree = "<group>"; };
		0D51569E191D2DFD00FD9378 /* SGPendingVideo.h */ = {isa = PBXFileReference; fileEncoding = 4; lastKnownFileType = sourcecode.c.h; path = SGPendingVideo.h; sourceTree = "<group>"; };
		0D51569F191D2DFD00FD9378 /* SGPendingVideo.m */ = {isa = PBXFileReference; fileEncoding = 4; lastKnownFileType = sourcecode.c.objc; path = SGPendingVideo.m; sourceTree = "<group>"; };
		0D5156A0191D2DFD00FD9378 /* SGSchemaAppVersion+Service.h */ = {isa = PBXFileReference; fileEncoding = 4; lastKnownFileType = sourcecode.c.h; path = "SGSchemaAppVersion+Service.h"; sourceTree = "<group>"; };
		0D5156A1191D2DFD00FD9378 /* SGSchemaAppVersion+Service.m */ = {isa = PBXFileReference; fileEncoding = 4; lastKnownFileType = sourcecode.c.objc; path = "SGSchemaAppVersion+Service.m"; sourceTree = "<group>"; };
		0D5156A2191D2DFD00FD9378 /* SGSchemaAppVersion.h */ = {isa = PBXFileReference; fileEncoding = 4; lastKnownFileType = sourcecode.c.h; path = SGSchemaAppVersion.h; sourceTree = "<group>"; };
		0D5156A3191D2DFD00FD9378 /* SGSchemaAppVersion.m */ = {isa = PBXFileReference; fileEncoding = 4; lastKnownFileType = sourcecode.c.objc; path = SGSchemaAppVersion.m; sourceTree = "<group>"; };
		0D5156A4191D2DFD00FD9378 /* SGSession.h */ = {isa = PBXFileReference; fileEncoding = 4; lastKnownFileType = sourcecode.c.h; path = SGSession.h; sourceTree = "<group>"; };
		0D5156A5191D2DFD00FD9378 /* SGSession.m */ = {isa = PBXFileReference; fileEncoding = 4; lastKnownFileType = sourcecode.c.objc; path = SGSession.m; sourceTree = "<group>"; };
		0D5156A6191D2DFD00FD9378 /* SGSync.h */ = {isa = PBXFileReference; fileEncoding = 4; lastKnownFileType = sourcecode.c.h; path = SGSync.h; sourceTree = "<group>"; };
		0D5156A7191D2DFD00FD9378 /* SGSync.m */ = {isa = PBXFileReference; fileEncoding = 4; lastKnownFileType = sourcecode.c.objc; path = SGSync.m; sourceTree = "<group>"; };
		0D5156A8191D2DFD00FD9378 /* SGVideo+Service.h */ = {isa = PBXFileReference; fileEncoding = 4; lastKnownFileType = sourcecode.c.h; path = "SGVideo+Service.h"; sourceTree = "<group>"; };
		0D5156A9191D2DFD00FD9378 /* SGVideo+Service.m */ = {isa = PBXFileReference; fileEncoding = 4; lastKnownFileType = sourcecode.c.objc; path = "SGVideo+Service.m"; sourceTree = "<group>"; };
		0D5156AA191D2DFD00FD9378 /* SGVideo.h */ = {isa = PBXFileReference; fileEncoding = 4; lastKnownFileType = sourcecode.c.h; path = SGVideo.h; sourceTree = "<group>"; };
		0D5156AB191D2DFD00FD9378 /* SGVideo.m */ = {isa = PBXFileReference; fileEncoding = 4; lastKnownFileType = sourcecode.c.objc; path = SGVideo.m; sourceTree = "<group>"; };
		0D5156AC191D2DFD00FD9378 /* SGVideodata.h */ = {isa = PBXFileReference; fileEncoding = 4; lastKnownFileType = sourcecode.c.h; path = SGVideodata.h; sourceTree = "<group>"; };
		0D5156AD191D2DFD00FD9378 /* SGVideodata.m */ = {isa = PBXFileReference; fileEncoding = 4; lastKnownFileType = sourcecode.c.objc; path = SGVideodata.m; sourceTree = "<group>"; };
		0D5156AF191D2DFD00FD9378 /* SGFriend+Service.h */ = {isa = PBXFileReference; fileEncoding = 4; lastKnownFileType = sourcecode.c.h; path = "SGFriend+Service.h"; sourceTree = "<group>"; };
		0D5156B0191D2DFD00FD9378 /* SGFriend+Service.m */ = {isa = PBXFileReference; fileEncoding = 4; lastKnownFileType = sourcecode.c.objc; path = "SGFriend+Service.m"; sourceTree = "<group>"; };
		0D5156B1191D2DFD00FD9378 /* SGFriend.h */ = {isa = PBXFileReference; fileEncoding = 4; lastKnownFileType = sourcecode.c.h; path = SGFriend.h; sourceTree = "<group>"; };
		0D5156B2191D2DFD00FD9378 /* SGFriend.m */ = {isa = PBXFileReference; fileEncoding = 4; lastKnownFileType = sourcecode.c.objc; path = SGFriend.m; sourceTree = "<group>"; };
		0D5156B3191D2DFD00FD9378 /* SGRecentFriend+Service.h */ = {isa = PBXFileReference; fileEncoding = 4; lastKnownFileType = sourcecode.c.h; path = "SGRecentFriend+Service.h"; sourceTree = "<group>"; };
		0D5156B4191D2DFD00FD9378 /* SGRecentFriend+Service.m */ = {isa = PBXFileReference; fileEncoding = 4; lastKnownFileType = sourcecode.c.objc; path = "SGRecentFriend+Service.m"; sourceTree = "<group>"; };
		0D5156B5191D2DFD00FD9378 /* SGRecentFriend.h */ = {isa = PBXFileReference; fileEncoding = 4; lastKnownFileType = sourcecode.c.h; path = SGRecentFriend.h; sourceTree = "<group>"; };
		0D5156B6191D2DFD00FD9378 /* SGRecentFriend.m */ = {isa = PBXFileReference; fileEncoding = 4; lastKnownFileType = sourcecode.c.objc; path = SGRecentFriend.m; sourceTree = "<group>"; };
		0D5156B7191D2DFD00FD9378 /* SGUnaddedFriend+Service.h */ = {isa = PBXFileReference; fileEncoding = 4; lastKnownFileType = sourcecode.c.h; path = "SGUnaddedFriend+Service.h"; sourceTree = "<group>"; };
		0D5156B8191D2DFD00FD9378 /* SGUnaddedFriend+Service.m */ = {isa = PBXFileReference; fileEncoding = 4; lastKnownFileType = sourcecode.c.objc; path = "SGUnaddedFriend+Service.m"; sourceTree = "<group>"; };
		0D5156B9191D2DFD00FD9378 /* SGUnaddedFriend.h */ = {isa = PBXFileReference; fileEncoding = 4; lastKnownFileType = sourcecode.c.h; path = SGUnaddedFriend.h; sourceTree = "<group>"; };
		0D5156BA191D2DFD00FD9378 /* SGUnaddedFriend.m */ = {isa = PBXFileReference; fileEncoding = 4; lastKnownFileType = sourcecode.c.objc; path = SGUnaddedFriend.m; sourceTree = "<group>"; };
		0D5156BB191D2DFD00FD9378 /* SGUser+Service.h */ = {isa = PBXFileReference; fileEncoding = 4; lastKnownFileType = sourcecode.c.h; path = "SGUser+Service.h"; sourceTree = "<group>"; };
		0D5156BC191D2DFD00FD9378 /* SGUser+Service.m */ = {isa = PBXFileReference; fileEncoding = 4; lastKnownFileType = sourcecode.c.objc; path = "SGUser+Service.m"; sourceTree = "<group>"; };
		0D5156BD191D2DFD00FD9378 /* SGUser.h */ = {isa = PBXFileReference; fileEncoding = 4; lastKnownFileType = sourcecode.c.h; path = SGUser.h; sourceTree = "<group>"; };
		0D5156BE191D2DFD00FD9378 /* SGUser.m */ = {isa = PBXFileReference; fileEncoding = 4; lastKnownFileType = sourcecode.c.objc; path = SGUser.m; sourceTree = "<group>"; };
		0D5156E1191D355D00FD9378 /* HBCountryPickerViewController.h */ = {isa = PBXFileReference; fileEncoding = 4; lastKnownFileType = sourcecode.c.h; path = HBCountryPickerViewController.h; sourceTree = "<group>"; };
		0D5156E2191D355D00FD9378 /* HBCountryPickerViewController.m */ = {isa = PBXFileReference; fileEncoding = 4; lastKnownFileType = sourcecode.c.objc; path = HBCountryPickerViewController.m; sourceTree = "<group>"; };
		0D5156E3191D355D00FD9378 /* HBCountryPickerViewController.xib */ = {isa = PBXFileReference; fileEncoding = 4; lastKnownFileType = file.xib; path = HBCountryPickerViewController.xib; sourceTree = "<group>"; };
		0D5156E4191D355D00FD9378 /* HBLoginViewController.h */ = {isa = PBXFileReference; fileEncoding = 4; lastKnownFileType = sourcecode.c.h; path = HBLoginViewController.h; sourceTree = "<group>"; };
		0D5156E5191D355D00FD9378 /* HBLoginViewController.m */ = {isa = PBXFileReference; fileEncoding = 4; lastKnownFileType = sourcecode.c.objc; path = HBLoginViewController.m; sourceTree = "<group>"; };
		0D5156E7191D355D00FD9378 /* HBLoginViewController.xib */ = {isa = PBXFileReference; fileEncoding = 4; lastKnownFileType = file.xib; path = HBLoginViewController.xib; sourceTree = "<group>"; };
		0D5156E8191D355D00FD9378 /* HBRegisterViewController.h */ = {isa = PBXFileReference; fileEncoding = 4; lastKnownFileType = sourcecode.c.h; path = HBRegisterViewController.h; sourceTree = "<group>"; };
		0D5156E9191D355D00FD9378 /* HBRegisterViewController.m */ = {isa = PBXFileReference; fileEncoding = 4; lastKnownFileType = sourcecode.c.objc; path = HBRegisterViewController.m; sourceTree = "<group>"; };
		0D5156EA191D355D00FD9378 /* HBRegisterViewController.xib */ = {isa = PBXFileReference; fileEncoding = 4; lastKnownFileType = file.xib; path = HBRegisterViewController.xib; sourceTree = "<group>"; };
		0D5156EB191D355D00FD9378 /* HBVerifyPhoneViewController.h */ = {isa = PBXFileReference; fileEncoding = 4; lastKnownFileType = sourcecode.c.h; path = HBVerifyPhoneViewController.h; sourceTree = "<group>"; };
		0D5156EC191D355D00FD9378 /* HBVerifyPhoneViewController.m */ = {isa = PBXFileReference; fileEncoding = 4; lastKnownFileType = sourcecode.c.objc; path = HBVerifyPhoneViewController.m; sourceTree = "<group>"; };
		0D5156ED191D355D00FD9378 /* HBVerifyPhoneViewController.xib */ = {isa = PBXFileReference; fileEncoding = 4; lastKnownFileType = file.xib; path = HBVerifyPhoneViewController.xib; sourceTree = "<group>"; };
		0D5156EF191D355D00FD9378 /* SGConversationsViewController.h */ = {isa = PBXFileReference; fileEncoding = 4; lastKnownFileType = sourcecode.c.h; path = SGConversationsViewController.h; sourceTree = "<group>"; };
		0D5156F0191D355D00FD9378 /* SGConversationsViewController.m */ = {isa = PBXFileReference; fileEncoding = 4; lastKnownFileType = sourcecode.c.objc; path = SGConversationsViewController.m; sourceTree = "<group>"; };
		0D5156F1191D355D00FD9378 /* SGConversationsViewController.xib */ = {isa = PBXFileReference; fileEncoding = 4; lastKnownFileType = file.xib; path = SGConversationsViewController.xib; sourceTree = "<group>"; };
		0D5156F2191D355D00FD9378 /* SGCreateThreadViewController.h */ = {isa = PBXFileReference; fileEncoding = 4; lastKnownFileType = sourcecode.c.h; path = SGCreateThreadViewController.h; sourceTree = "<group>"; };
		0D5156F3191D355D00FD9378 /* SGCreateThreadViewController.m */ = {isa = PBXFileReference; fileEncoding = 4; lastKnownFileType = sourcecode.c.objc; path = SGCreateThreadViewController.m; sourceTree = "<group>"; };
		0D5156F4191D355D00FD9378 /* SGCreateThreadViewController.xib */ = {isa = PBXFileReference; fileEncoding = 4; lastKnownFileType = file.xib; path = SGCreateThreadViewController.xib; sourceTree = "<group>"; };
		0D515702191D359300FD9378 /* SGInitialViewController.h */ = {isa = PBXFileReference; fileEncoding = 4; lastKnownFileType = sourcecode.c.h; path = SGInitialViewController.h; sourceTree = "<group>"; };
		0D515703191D359300FD9378 /* SGInitialViewController.m */ = {isa = PBXFileReference; fileEncoding = 4; lastKnownFileType = sourcecode.c.objc; path = SGInitialViewController.m; sourceTree = "<group>"; };
		0D515704191D359300FD9378 /* SGInitialViewController.xib */ = {isa = PBXFileReference; fileEncoding = 4; lastKnownFileType = file.xib; path = SGInitialViewController.xib; sourceTree = "<group>"; };
		0D515709191D3BA000FD9378 /* DiallingCodes.plist */ = {isa = PBXFileReference; fileEncoding = 4; lastKnownFileType = text.plist.xml; path = DiallingCodes.plist; sourceTree = "<group>"; };
		0D51570A191D3BA000FD9378 /* HMDiallingCode.h */ = {isa = PBXFileReference; fileEncoding = 4; lastKnownFileType = sourcecode.c.h; path = HMDiallingCode.h; sourceTree = "<group>"; };
		0D51570B191D3BA000FD9378 /* HMDiallingCode.m */ = {isa = PBXFileReference; fileEncoding = 4; lastKnownFileType = sourcecode.c.objc; path = HMDiallingCode.m; sourceTree = "<group>"; };
		0D51570E191D54B800FD9378 /* SGSmallModalView.h */ = {isa = PBXFileReference; fileEncoding = 4; lastKnownFileType = sourcecode.c.h; name = SGSmallModalView.h; path = Views/SGSmallModalView.h; sourceTree = "<group>"; };
		0D51570F191D54B800FD9378 /* SGSmallModalView.m */ = {isa = PBXFileReference; fileEncoding = 4; lastKnownFileType = sourcecode.c.objc; name = SGSmallModalView.m; path = Views/SGSmallModalView.m; sourceTree = "<group>"; };
		0D515716191D591500FD9378 /* en */ = {isa = PBXFileReference; lastKnownFileType = text.plist.strings; name = en; path = en.lproj/Localizable.strings; sourceTree = "<group>"; };
		0D515718191D59ED00FD9378 /* HBWelcomeFlow.h */ = {isa = PBXFileReference; fileEncoding = 4; lastKnownFileType = sourcecode.c.h; path = HBWelcomeFlow.h; sourceTree = "<group>"; };
		0D515719191D59ED00FD9378 /* HBWelcomeFlow.m */ = {isa = PBXFileReference; fileEncoding = 4; lastKnownFileType = sourcecode.c.objc; path = HBWelcomeFlow.m; sourceTree = "<group>"; };
		0D51571B191D5A7A00FD9378 /* HBBaseWelcomeViewController.h */ = {isa = PBXFileReference; fileEncoding = 4; lastKnownFileType = sourcecode.c.h; path = HBBaseWelcomeViewController.h; sourceTree = "<group>"; };
		0D51571C191D5A7A00FD9378 /* HBBaseWelcomeViewController.m */ = {isa = PBXFileReference; fileEncoding = 4; lastKnownFileType = sourcecode.c.objc; path = HBBaseWelcomeViewController.m; sourceTree = "<group>"; };
		0D515721191D60F000FD9378 /* HBWelcomeStartViewController.h */ = {isa = PBXFileReference; fileEncoding = 4; lastKnownFileType = sourcecode.c.h; path = HBWelcomeStartViewController.h; sourceTree = "<group>"; };
		0D515722191D60F000FD9378 /* HBWelcomeStartViewController.m */ = {isa = PBXFileReference; fileEncoding = 4; lastKnownFileType = sourcecode.c.objc; path = HBWelcomeStartViewController.m; sourceTree = "<group>"; };
		0D515723191D60F000FD9378 /* HBWelcomeStartViewController.xib */ = {isa = PBXFileReference; fileEncoding = 4; lastKnownFileType = file.xib; path = HBWelcomeStartViewController.xib; sourceTree = "<group>"; };
		0D515726191D61EF00FD9378 /* HBWelcomeAllowPushViewController.h */ = {isa = PBXFileReference; fileEncoding = 4; lastKnownFileType = sourcecode.c.h; path = HBWelcomeAllowPushViewController.h; sourceTree = "<group>"; };
		0D515727191D61EF00FD9378 /* HBWelcomeAllowPushViewController.m */ = {isa = PBXFileReference; fileEncoding = 4; lastKnownFileType = sourcecode.c.objc; path = HBWelcomeAllowPushViewController.m; sourceTree = "<group>"; };
		0D51572A191D634F00FD9378 /* HBPushNotificationHandler.h */ = {isa = PBXFileReference; fileEncoding = 4; lastKnownFileType = sourcecode.c.h; path = HBPushNotificationHandler.h; sourceTree = "<group>"; };
		0D51572B191D634F00FD9378 /* HBPushNotificationHandler.m */ = {isa = PBXFileReference; fileEncoding = 4; lastKnownFileType = sourcecode.c.objc; path = HBPushNotificationHandler.m; sourceTree = "<group>"; };
		0D66D671191C7A6100510F35 /* SignalPrototype.app */ = {isa = PBXFileReference; explicitFileType = wrapper.application; includeInIndex = 0; path = SignalPrototype.app; sourceTree = BUILT_PRODUCTS_DIR; };
		0D66D674191C7A6100510F35 /* Foundation.framework */ = {isa = PBXFileReference; lastKnownFileType = wrapper.framework; name = Foundation.framework; path = System/Library/Frameworks/Foundation.framework; sourceTree = SDKROOT; };
		0D66D676191C7A6100510F35 /* CoreGraphics.framework */ = {isa = PBXFileReference; lastKnownFileType = wrapper.framework; name = CoreGraphics.framework; path = System/Library/Frameworks/CoreGraphics.framework; sourceTree = SDKROOT; };
		0D66D678191C7A6100510F35 /* UIKit.framework */ = {isa = PBXFileReference; lastKnownFileType = wrapper.framework; name = UIKit.framework; path = System/Library/Frameworks/UIKit.framework; sourceTree = SDKROOT; };
		0D66D67C191C7A6100510F35 /* SignalPrototype-Info.plist */ = {isa = PBXFileReference; lastKnownFileType = text.plist.xml; path = "SignalPrototype-Info.plist"; sourceTree = "<group>"; };
		0D66D67E191C7A6100510F35 /* en */ = {isa = PBXFileReference; lastKnownFileType = text.plist.strings; name = en; path = en.lproj/InfoPlist.strings; sourceTree = "<group>"; };
		0D66D680191C7A6100510F35 /* main.m */ = {isa = PBXFileReference; lastKnownFileType = sourcecode.c.objc; path = main.m; sourceTree = "<group>"; };
		0D66D682191C7A6100510F35 /* SignalPrototype-Prefix.pch */ = {isa = PBXFileReference; lastKnownFileType = sourcecode.c.h; path = "SignalPrototype-Prefix.pch"; sourceTree = "<group>"; };
		0D66D683191C7A6100510F35 /* SGAppDelegate.h */ = {isa = PBXFileReference; lastKnownFileType = sourcecode.c.h; path = SGAppDelegate.h; sourceTree = "<group>"; };
		0D66D684191C7A6100510F35 /* SGAppDelegate.m */ = {isa = PBXFileReference; lastKnownFileType = sourcecode.c.objc; path = SGAppDelegate.m; sourceTree = "<group>"; };
		0D66D686191C7A6100510F35 /* Images.xcassets */ = {isa = PBXFileReference; lastKnownFileType = folder.assetcatalog; path = Images.xcassets; sourceTree = "<group>"; };
		0D66D68C191C7A6100510F35 /* SignalPrototypeTests.xctest */ = {isa = PBXFileReference; explicitFileType = wrapper.cfbundle; includeInIndex = 0; path = SignalPrototypeTests.xctest; sourceTree = BUILT_PRODUCTS_DIR; };
		0D66D68D191C7A6100510F35 /* XCTest.framework */ = {isa = PBXFileReference; lastKnownFileType = wrapper.framework; name = XCTest.framework; path = Library/Frameworks/XCTest.framework; sourceTree = DEVELOPER_DIR; };
		0D66D695191C7A6100510F35 /* SignalPrototypeTests-Info.plist */ = {isa = PBXFileReference; lastKnownFileType = text.plist.xml; path = "SignalPrototypeTests-Info.plist"; sourceTree = "<group>"; };
		0D66D697191C7A6100510F35 /* en */ = {isa = PBXFileReference; lastKnownFileType = text.plist.strings; name = en; path = en.lproj/InfoPlist.strings; sourceTree = "<group>"; };
		0D66D699191C7A6100510F35 /* SignalPrototypeTests.m */ = {isa = PBXFileReference; lastKnownFileType = sourcecode.c.objc; path = SignalPrototypeTests.m; sourceTree = "<group>"; };
		0D66D6A4191C7B6E00510F35 /* JNAlertView.h */ = {isa = PBXFileReference; fileEncoding = 4; lastKnownFileType = sourcecode.c.h; path = JNAlertView.h; sourceTree = "<group>"; };
		0D66D6A5191C7B6E00510F35 /* JNAlertView.m */ = {isa = PBXFileReference; fileEncoding = 4; lastKnownFileType = sourcecode.c.objc; path = JNAlertView.m; sourceTree = "<group>"; };
		0D66D6A6191C7B6E00510F35 /* JNIcon.h */ = {isa = PBXFileReference; fileEncoding = 4; lastKnownFileType = sourcecode.c.h; path = JNIcon.h; sourceTree = "<group>"; };
		0D66D6A7191C7B6E00510F35 /* JNIcon.m */ = {isa = PBXFileReference; fileEncoding = 4; lastKnownFileType = sourcecode.c.objc; path = JNIcon.m; sourceTree = "<group>"; };
		0D66D6A8191C7B6E00510F35 /* JNViewController.h */ = {isa = PBXFileReference; fileEncoding = 4; lastKnownFileType = sourcecode.c.h; path = JNViewController.h; sourceTree = "<group>"; };
		0D66D6A9191C7B6E00510F35 /* JNViewController.m */ = {isa = PBXFileReference; fileEncoding = 4; lastKnownFileType = sourcecode.c.objc; path = JNViewController.m; sourceTree = "<group>"; };
		0D66D6AA191C7B6E00510F35 /* NSObject+JNHelper.h */ = {isa = PBXFileReference; fileEncoding = 4; lastKnownFileType = sourcecode.c.h; path = "NSObject+JNHelper.h"; sourceTree = "<group>"; };
		0D66D6AB191C7B6E00510F35 /* NSObject+JNHelper.m */ = {isa = PBXFileReference; fileEncoding = 4; lastKnownFileType = sourcecode.c.objc; path = "NSObject+JNHelper.m"; sourceTree = "<group>"; };
		0D66D6AC191C7B6E00510F35 /* UIColor+JNHelper.h */ = {isa = PBXFileReference; fileEncoding = 4; lastKnownFileType = sourcecode.c.h; path = "UIColor+JNHelper.h"; sourceTree = "<group>"; };
		0D66D6AD191C7B6E00510F35 /* UIColor+JNHelper.m */ = {isa = PBXFileReference; fileEncoding = 4; lastKnownFileType = sourcecode.c.objc; path = "UIColor+JNHelper.m"; sourceTree = "<group>"; };
		0D66D6AE191C7B6E00510F35 /* UIFont+JNHelper.h */ = {isa = PBXFileReference; fileEncoding = 4; lastKnownFileType = sourcecode.c.h; path = "UIFont+JNHelper.h"; sourceTree = "<group>"; };
		0D66D6AF191C7B6E00510F35 /* UIFont+JNHelper.m */ = {isa = PBXFileReference; fileEncoding = 4; lastKnownFileType = sourcecode.c.objc; path = "UIFont+JNHelper.m"; sourceTree = "<group>"; };
		0D66D6B0191C7B6E00510F35 /* UIImage+JNHelper.h */ = {isa = PBXFileReference; fileEncoding = 4; lastKnownFileType = sourcecode.c.h; path = "UIImage+JNHelper.h"; sourceTree = "<group>"; };
		0D66D6B1191C7B6E00510F35 /* UIImage+JNHelper.m */ = {isa = PBXFileReference; fileEncoding = 4; lastKnownFileType = sourcecode.c.objc; path = "UIImage+JNHelper.m"; sourceTree = "<group>"; };
		0D66D6B2191C7B6E00510F35 /* UIView+JNHelper.h */ = {isa = PBXFileReference; fileEncoding = 4; lastKnownFileType = sourcecode.c.h; path = "UIView+JNHelper.h"; sourceTree = "<group>"; };
		0D66D6B3191C7B6E00510F35 /* UIView+JNHelper.m */ = {isa = PBXFileReference; fileEncoding = 4; lastKnownFileType = sourcecode.c.objc; path = "UIView+JNHelper.m"; sourceTree = "<group>"; };
		0D66D6B4191C7B6E00510F35 /* UIViewController+JNHelper.h */ = {isa = PBXFileReference; fileEncoding = 4; lastKnownFileType = sourcecode.c.h; path = "UIViewController+JNHelper.h"; sourceTree = "<group>"; };
		0D66D6B5191C7B6E00510F35 /* UIViewController+JNHelper.m */ = {isa = PBXFileReference; fileEncoding = 4; lastKnownFileType = sourcecode.c.objc; path = "UIViewController+JNHelper.m"; sourceTree = "<group>"; };
		0D66D6C4191C7BB500510F35 /* JNLogger.h */ = {isa = PBXFileReference; fileEncoding = 4; lastKnownFileType = sourcecode.c.h; path = JNLogger.h; sourceTree = "<group>"; };
		0D66D6C5191C7BB500510F35 /* JNLogger.m */ = {isa = PBXFileReference; fileEncoding = 4; lastKnownFileType = sourcecode.c.objc; path = JNLogger.m; sourceTree = "<group>"; };
		B8295428D3884273B3B149DD /* Pods.xcconfig */ = {isa = PBXFileReference; includeInIndex = 1; lastKnownFileType = text.xcconfig; name = Pods.xcconfig; path = Pods/Pods.xcconfig; sourceTree = "<group>"; };
		DAEEE7DE87B34958B55F4214 /* libPods.a */ = {isa = PBXFileReference; explicitFileType = archive.ar; includeInIndex = 0; path = libPods.a; sourceTree = BUILT_PRODUCTS_DIR; };
/* End PBXFileReference section */

/* Begin PBXFrameworksBuildPhase section */
		0D66D66E191C7A6100510F35 /* Frameworks */ = {
			isa = PBXFrameworksBuildPhase;
			buildActionMask = 2147483647;
			files = (
				0D66D677191C7A6100510F35 /* CoreGraphics.framework in Frameworks */,
				0D66D679191C7A6100510F35 /* UIKit.framework in Frameworks */,
				0D66D675191C7A6100510F35 /* Foundation.framework in Frameworks */,
				07685E4F8B9F43FA83319E86 /* libPods.a in Frameworks */,
			);
			runOnlyForDeploymentPostprocessing = 0;
		};
		0D66D689191C7A6100510F35 /* Frameworks */ = {
			isa = PBXFrameworksBuildPhase;
			buildActionMask = 2147483647;
			files = (
				0D66D68E191C7A6100510F35 /* XCTest.framework in Frameworks */,
				0D66D690191C7A6100510F35 /* UIKit.framework in Frameworks */,
				0D66D68F191C7A6100510F35 /* Foundation.framework in Frameworks */,
			);
			runOnlyForDeploymentPostprocessing = 0;
		};
/* End PBXFrameworksBuildPhase section */

/* Begin PBXGroup section */
		0D03F13C191D1DFA00AE0EF9 /* Networking */ = {
			isa = PBXGroup;
			children = (
				0D03F1B2191D1EF100AE0EF9 /* SGServerConstants.h */,
				0D03F1B3191D1EF100AE0EF9 /* SGServerConstants.m */,
				0D03F13D191D1DFA00AE0EF9 /* SGAPIClient.h */,
				0D03F13E191D1DFA00AE0EF9 /* SGAPIClient.m */,
			);
			path = Networking;
			sourceTree = "<group>";
		};
		0D515602191D264D00FD9378 /* JNSimpleDataStore */ = {
			isa = PBXGroup;
			children = (
				0D515603191D264D00FD9378 /* JNSimpleDataStore.h */,
				0D515604191D264D00FD9378 /* JNSimpleDataStore.m */,
			);
			path = JNSimpleDataStore;
			sourceTree = "<group>";
		};
		0D515606191D274800FD9378 /* Views */ = {
			isa = PBXGroup;
			children = (
				0D51570E191D54B800FD9378 /* SGSmallModalView.h */,
				0D51570F191D54B800FD9378 /* SGSmallModalView.m */,
				0D515607191D276F00FD9378 /* SGStatusBarNotification.h */,
				0D515608191D276F00FD9378 /* SGStatusBarNotification.m */,
			);
			name = Views;
			sourceTree = "<group>";
		};
		0D51560A191D286900FD9378 /* JNManagers */ = {
			isa = PBXGroup;
			children = (
				0D51560B191D286900FD9378 /* JNAppManager.h */,
				0D51560C191D286900FD9378 /* JNAppManager.m */,
			);
			path = JNManagers;
			sourceTree = "<group>";
		};
		0D51560E191D29DA00FD9378 /* Metrics */ = {
			isa = PBXGroup;
			children = (
				0D51560F191D29DA00FD9378 /* SGMetrics.h */,
				0D515610191D29DA00FD9378 /* SGMetrics.m */,
			);
			path = Metrics;
			sourceTree = "<group>";
		};
		0D515679191D2DFD00FD9378 /* Models */ = {
			isa = PBXGroup;
			children = (
				0D51567A191D2DFD00FD9378 /* Contacts */,
				0D515681191D2DFD00FD9378 /* Membership */,
				0D515686191D2DFD00FD9378 /* SGBaseModel.h */,
				0D515687191D2DFD00FD9378 /* SGBaseModel.m */,
				0D515688191D2DFD00FD9378 /* SGConversation+Service.h */,
				0D515689191D2DFD00FD9378 /* SGConversation+Service.m */,
				0D51568A191D2DFD00FD9378 /* SGConversation.h */,
				0D51568B191D2DFD00FD9378 /* SGConversation.m */,
				0D51568C191D2DFD00FD9378 /* SGConversationObject.h */,
				0D51568D191D2DFD00FD9378 /* SGConversationObject.m */,
				0D51568E191D2DFD00FD9378 /* SGDatabase.h */,
				0D51568F191D2DFD00FD9378 /* SGDatabase.m */,
				0D515690191D2DFD00FD9378 /* SGInvitee+Service.h */,
				0D515691191D2DFD00FD9378 /* SGInvitee+Service.m */,
				0D515692191D2DFD00FD9378 /* SGInvitee.h */,
				0D515693191D2DFD00FD9378 /* SGInvitee.m */,
				0D515694191D2DFD00FD9378 /* SGMessage+Service.h */,
				0D515695191D2DFD00FD9378 /* SGMessage+Service.m */,
				0D515696191D2DFD00FD9378 /* SGMessage.h */,
				0D515697191D2DFD00FD9378 /* SGMessage.m */,
				0D515698191D2DFD00FD9378 /* SGMessageText+Service.h */,
				0D515699191D2DFD00FD9378 /* SGMessageText+Service.m */,
				0D51569A191D2DFD00FD9378 /* SGMessageText.h */,
				0D51569B191D2DFD00FD9378 /* SGMessageText.m */,
				0D51569C191D2DFD00FD9378 /* SGPendingVideo+Service.h */,
				0D51569D191D2DFD00FD9378 /* SGPendingVideo+Service.m */,
				0D51569E191D2DFD00FD9378 /* SGPendingVideo.h */,
				0D51569F191D2DFD00FD9378 /* SGPendingVideo.m */,
				0D5156A0191D2DFD00FD9378 /* SGSchemaAppVersion+Service.h */,
				0D5156A1191D2DFD00FD9378 /* SGSchemaAppVersion+Service.m */,
				0D5156A2191D2DFD00FD9378 /* SGSchemaAppVersion.h */,
				0D5156A3191D2DFD00FD9378 /* SGSchemaAppVersion.m */,
				0D5156A4191D2DFD00FD9378 /* SGSession.h */,
				0D5156A5191D2DFD00FD9378 /* SGSession.m */,
				0D5156A6191D2DFD00FD9378 /* SGSync.h */,
				0D5156A7191D2DFD00FD9378 /* SGSync.m */,
				0D5156A8191D2DFD00FD9378 /* SGVideo+Service.h */,
				0D5156A9191D2DFD00FD9378 /* SGVideo+Service.m */,
				0D5156AA191D2DFD00FD9378 /* SGVideo.h */,
				0D5156AB191D2DFD00FD9378 /* SGVideo.m */,
				0D5156AC191D2DFD00FD9378 /* SGVideodata.h */,
				0D5156AD191D2DFD00FD9378 /* SGVideodata.m */,
				0D5156AE191D2DFD00FD9378 /* User */,
			);
			path = Models;
			sourceTree = "<group>";
		};
		0D51567A191D2DFD00FD9378 /* Contacts */ = {
			isa = PBXGroup;
			children = (
				0D51567B191D2DFD00FD9378 /* SGBuildContacts.h */,
				0D51567C191D2DFD00FD9378 /* SGBuildContacts.m */,
				0D51567D191D2DFD00FD9378 /* SGContact+Service.h */,
				0D51567E191D2DFD00FD9378 /* SGContact+Service.m */,
				0D51567F191D2DFD00FD9378 /* SGContact.h */,
				0D515680191D2DFD00FD9378 /* SGContact.m */,
			);
			path = Contacts;
			sourceTree = "<group>";
		};
		0D515681191D2DFD00FD9378 /* Membership */ = {
			isa = PBXGroup;
			children = (
				0D515682191D2DFD00FD9378 /* SGMembership+Service.h */,
				0D515683191D2DFD00FD9378 /* SGMembership+Service.m */,
				0D515684191D2DFD00FD9378 /* SGMembership.h */,
				0D515685191D2DFD00FD9378 /* SGMembership.m */,
			);
			path = Membership;
			sourceTree = "<group>";
		};
		0D5156AE191D2DFD00FD9378 /* User */ = {
			isa = PBXGroup;
			children = (
				0D5156AF191D2DFD00FD9378 /* SGFriend+Service.h */,
				0D5156B0191D2DFD00FD9378 /* SGFriend+Service.m */,
				0D5156B1191D2DFD00FD9378 /* SGFriend.h */,
				0D5156B2191D2DFD00FD9378 /* SGFriend.m */,
				0D5156B3191D2DFD00FD9378 /* SGRecentFriend+Service.h */,
				0D5156B4191D2DFD00FD9378 /* SGRecentFriend+Service.m */,
				0D5156B5191D2DFD00FD9378 /* SGRecentFriend.h */,
				0D5156B6191D2DFD00FD9378 /* SGRecentFriend.m */,
				0D5156B7191D2DFD00FD9378 /* SGUnaddedFriend+Service.h */,
				0D5156B8191D2DFD00FD9378 /* SGUnaddedFriend+Service.m */,
				0D5156B9191D2DFD00FD9378 /* SGUnaddedFriend.h */,
				0D5156BA191D2DFD00FD9378 /* SGUnaddedFriend.m */,
				0D5156BB191D2DFD00FD9378 /* SGUser+Service.h */,
				0D5156BC191D2DFD00FD9378 /* SGUser+Service.m */,
				0D5156BD191D2DFD00FD9378 /* SGUser.h */,
				0D5156BE191D2DFD00FD9378 /* SGUser.m */,
			);
			path = User;
			sourceTree = "<group>";
		};
		0D5156E0191D355D00FD9378 /* Account */ = {
			isa = PBXGroup;
			children = (
				0D515718191D59ED00FD9378 /* HBWelcomeFlow.h */,
				0D515719191D59ED00FD9378 /* HBWelcomeFlow.m */,
				0D51571B191D5A7A00FD9378 /* HBBaseWelcomeViewController.h */,
				0D51571C191D5A7A00FD9378 /* HBBaseWelcomeViewController.m */,
				0D515721191D60F000FD9378 /* HBWelcomeStartViewController.h */,
				0D515722191D60F000FD9378 /* HBWelcomeStartViewController.m */,
				0D515723191D60F000FD9378 /* HBWelcomeStartViewController.xib */,
				0D5156E1191D355D00FD9378 /* HBCountryPickerViewController.h */,
				0D5156E2191D355D00FD9378 /* HBCountryPickerViewController.m */,
				0D5156E3191D355D00FD9378 /* HBCountryPickerViewController.xib */,
				0D5156E4191D355D00FD9378 /* HBLoginViewController.h */,
				0D5156E5191D355D00FD9378 /* HBLoginViewController.m */,
				0D5156E7191D355D00FD9378 /* HBLoginViewController.xib */,
				0D5156E8191D355D00FD9378 /* HBRegisterViewController.h */,
				0D5156E9191D355D00FD9378 /* HBRegisterViewController.m */,
				0D5156EA191D355D00FD9378 /* HBRegisterViewController.xib */,
				0D5156EB191D355D00FD9378 /* HBVerifyPhoneViewController.h */,
				0D5156EC191D355D00FD9378 /* HBVerifyPhoneViewController.m */,
				0D5156ED191D355D00FD9378 /* HBVerifyPhoneViewController.xib */,
				0D515726191D61EF00FD9378 /* HBWelcomeAllowPushViewController.h */,
				0D515727191D61EF00FD9378 /* HBWelcomeAllowPushViewController.m */,
			);
			path = Account;
			sourceTree = "<group>";
		};
		0D5156EE191D355D00FD9378 /* Conversations */ = {
			isa = PBXGroup;
			children = (
				0D5156EF191D355D00FD9378 /* SGConversationsViewController.h */,
				0D5156F0191D355D00FD9378 /* SGConversationsViewController.m */,
				0D5156F1191D355D00FD9378 /* SGConversationsViewController.xib */,
				0D5156F2191D355D00FD9378 /* SGCreateThreadViewController.h */,
				0D5156F3191D355D00FD9378 /* SGCreateThreadViewController.m */,
				0D5156F4191D355D00FD9378 /* SGCreateThreadViewController.xib */,
			);
			path = Conversations;
			sourceTree = "<group>";
		};
		0D515707191D3BA000FD9378 /* Helpers */ = {
			isa = PBXGroup;
			children = (
				0D515708191D3BA000FD9378 /* HMDiallingCode */,
			);
			path = Helpers;
			sourceTree = "<group>";
		};
		0D515708191D3BA000FD9378 /* HMDiallingCode */ = {
			isa = PBXGroup;
			children = (
				0D515709191D3BA000FD9378 /* DiallingCodes.plist */,
				0D51570A191D3BA000FD9378 /* HMDiallingCode.h */,
				0D51570B191D3BA000FD9378 /* HMDiallingCode.m */,
			);
			path = HMDiallingCode;
			sourceTree = "<group>";
		};
		0D515711191D590600FD9378 /* Resources */ = {
			isa = PBXGroup;
			children = (
				0D515712191D590600FD9378 /* Localization */,
			);
			path = Resources;
			sourceTree = "<group>";
		};
		0D515712191D590600FD9378 /* Localization */ = {
			isa = PBXGroup;
			children = (
				0D515717191D591500FD9378 /* Localizable.strings */,
			);
			path = Localization;
			sourceTree = "<group>";
		};
		0D515729191D634F00FD9378 /* Managers */ = {
			isa = PBXGroup;
			children = (
				0D51572A191D634F00FD9378 /* HBPushNotificationHandler.h */,
				0D51572B191D634F00FD9378 /* HBPushNotificationHandler.m */,
			);
			path = Managers;
			sourceTree = "<group>";
		};
		0D66D668191C7A6100510F35 = {
			isa = PBXGroup;
			children = (
				0D66D67A191C7A6100510F35 /* SignalPrototype */,
				0D66D693191C7A6100510F35 /* SignalPrototypeTests */,
				0D66D673191C7A6100510F35 /* Frameworks */,
				0D66D672191C7A6100510F35 /* Products */,
				B8295428D3884273B3B149DD /* Pods.xcconfig */,
			);
			sourceTree = "<group>";
		};
		0D66D672191C7A6100510F35 /* Products */ = {
			isa = PBXGroup;
			children = (
				0D66D671191C7A6100510F35 /* SignalPrototype.app */,
				0D66D68C191C7A6100510F35 /* SignalPrototypeTests.xctest */,
			);
			name = Products;
			sourceTree = "<group>";
		};
		0D66D673191C7A6100510F35 /* Frameworks */ = {
			isa = PBXGroup;
			children = (
				0D66D674191C7A6100510F35 /* Foundation.framework */,
				0D66D676191C7A6100510F35 /* CoreGraphics.framework */,
				0D66D678191C7A6100510F35 /* UIKit.framework */,
				0D66D68D191C7A6100510F35 /* XCTest.framework */,
				DAEEE7DE87B34958B55F4214 /* libPods.a */,
			);
			name = Frameworks;
			sourceTree = "<group>";
		};
		0D66D67A191C7A6100510F35 /* SignalPrototype */ = {
			isa = PBXGroup;
			children = (
				0D66D683191C7A6100510F35 /* SGAppDelegate.h */,
				0D66D684191C7A6100510F35 /* SGAppDelegate.m */,
				0D03F1B5191D1EF800AE0EF9 /* SGConstants.h */,
				0D03F1B6191D1EF800AE0EF9 /* SGConstants.m */,
				0D03F13C191D1DFA00AE0EF9 /* Networking */,
				0D515679191D2DFD00FD9378 /* Models */,
				0D66D6C7191C7BC900510F35 /* Controllers */,
				0D515606191D274800FD9378 /* Views */,
				0D515729191D634F00FD9378 /* Managers */,
				0D51560E191D29DA00FD9378 /* Metrics */,
				0D515707191D3BA000FD9378 /* Helpers */,
				0D51560A191D286900FD9378 /* JNManagers */,
				0D66D6A3191C7B6E00510F35 /* JNHelpers */,
				0D515602191D264D00FD9378 /* JNSimpleDataStore */,
				0D66D6C3191C7BB500510F35 /* JNLogger */,
				0D66D686191C7A6100510F35 /* Images.xcassets */,
				0D515711191D590600FD9378 /* Resources */,
				0D66D67B191C7A6100510F35 /* Supporting Files */,
			);
			path = SignalPrototype;
			sourceTree = "<group>";
		};
		0D66D67B191C7A6100510F35 /* Supporting Files */ = {
			isa = PBXGroup;
			children = (
				0D66D67C191C7A6100510F35 /* SignalPrototype-Info.plist */,
				0D66D67D191C7A6100510F35 /* InfoPlist.strings */,
				0D66D680191C7A6100510F35 /* main.m */,
				0D66D682191C7A6100510F35 /* SignalPrototype-Prefix.pch */,
			);
			name = "Supporting Files";
			sourceTree = "<group>";
		};
		0D66D693191C7A6100510F35 /* SignalPrototypeTests */ = {
			isa = PBXGroup;
			children = (
				0D66D699191C7A6100510F35 /* SignalPrototypeTests.m */,
				0D66D694191C7A6100510F35 /* Supporting Files */,
			);
			path = SignalPrototypeTests;
			sourceTree = "<group>";
		};
		0D66D694191C7A6100510F35 /* Supporting Files */ = {
			isa = PBXGroup;
			children = (
				0D66D695191C7A6100510F35 /* SignalPrototypeTests-Info.plist */,
				0D66D696191C7A6100510F35 /* InfoPlist.strings */,
			);
			name = "Supporting Files";
			sourceTree = "<group>";
		};
		0D66D6A3191C7B6E00510F35 /* JNHelpers */ = {
			isa = PBXGroup;
			children = (
				0D66D6A4191C7B6E00510F35 /* JNAlertView.h */,
				0D66D6A5191C7B6E00510F35 /* JNAlertView.m */,
				0D66D6A6191C7B6E00510F35 /* JNIcon.h */,
				0D66D6A7191C7B6E00510F35 /* JNIcon.m */,
				0D66D6A8191C7B6E00510F35 /* JNViewController.h */,
				0D66D6A9191C7B6E00510F35 /* JNViewController.m */,
				0D66D6AA191C7B6E00510F35 /* NSObject+JNHelper.h */,
				0D66D6AB191C7B6E00510F35 /* NSObject+JNHelper.m */,
				0D66D6AC191C7B6E00510F35 /* UIColor+JNHelper.h */,
				0D66D6AD191C7B6E00510F35 /* UIColor+JNHelper.m */,
				0D66D6AE191C7B6E00510F35 /* UIFont+JNHelper.h */,
				0D66D6AF191C7B6E00510F35 /* UIFont+JNHelper.m */,
				0D66D6B0191C7B6E00510F35 /* UIImage+JNHelper.h */,
				0D66D6B1191C7B6E00510F35 /* UIImage+JNHelper.m */,
				0D66D6B2191C7B6E00510F35 /* UIView+JNHelper.h */,
				0D66D6B3191C7B6E00510F35 /* UIView+JNHelper.m */,
				0D66D6B4191C7B6E00510F35 /* UIViewController+JNHelper.h */,
				0D66D6B5191C7B6E00510F35 /* UIViewController+JNHelper.m */,
				0D03F1B8191D1F0700AE0EF9 /* CGUtils.h */,
				0D03F1B9191D1F0700AE0EF9 /* CGUtils.m */,
				0D5155FB191D24C400FD9378 /* JNFileUtils.h */,
				0D5155FC191D24C400FD9378 /* JNFileUtils.m */,
				0D03F1BB191D1F0D00AE0EF9 /* NSString+MD5.h */,
				0D03F1BC191D1F0D00AE0EF9 /* NSString+MD5.m */,
			);
			path = JNHelpers;
			sourceTree = "<group>";
		};
		0D66D6C3191C7BB500510F35 /* JNLogger */ = {
			isa = PBXGroup;
			children = (
				0D66D6C4191C7BB500510F35 /* JNLogger.h */,
				0D66D6C5191C7BB500510F35 /* JNLogger.m */,
			);
			path = JNLogger;
			sourceTree = "<group>";
		};
		0D66D6C7191C7BC900510F35 /* Controllers */ = {
			isa = PBXGroup;
			children = (
				0D5156E0191D355D00FD9378 /* Account */,
				0D5156EE191D355D00FD9378 /* Conversations */,
				0D515702191D359300FD9378 /* SGInitialViewController.h */,
				0D515703191D359300FD9378 /* SGInitialViewController.m */,
				0D515704191D359300FD9378 /* SGInitialViewController.xib */,
			);
			path = Controllers;
			sourceTree = "<group>";
		};
/* End PBXGroup section */

/* Begin PBXNativeTarget section */
		0D66D670191C7A6100510F35 /* SignalPrototype */ = {
			isa = PBXNativeTarget;
			buildConfigurationList = 0D66D69D191C7A6100510F35 /* Build configuration list for PBXNativeTarget "SignalPrototype" */;
			buildPhases = (
				B4460948397D4A5988D86EFC /* Check Pods Manifest.lock */,
				0D66D66D191C7A6100510F35 /* Sources */,
				0D66D66E191C7A6100510F35 /* Frameworks */,
				0D66D66F191C7A6100510F35 /* Resources */,
				43306EA41AD648A3AED3CC7D /* Copy Pods Resources */,
			);
			buildRules = (
			);
			dependencies = (
			);
			name = SignalPrototype;
			productName = SignalPrototype;
			productReference = 0D66D671191C7A6100510F35 /* SignalPrototype.app */;
			productType = "com.apple.product-type.application";
		};
		0D66D68B191C7A6100510F35 /* SignalPrototypeTests */ = {
			isa = PBXNativeTarget;
			buildConfigurationList = 0D66D6A0191C7A6100510F35 /* Build configuration list for PBXNativeTarget "SignalPrototypeTests" */;
			buildPhases = (
				0D66D688191C7A6100510F35 /* Sources */,
				0D66D689191C7A6100510F35 /* Frameworks */,
				0D66D68A191C7A6100510F35 /* Resources */,
			);
			buildRules = (
			);
			dependencies = (
				0D66D692191C7A6100510F35 /* PBXTargetDependency */,
			);
			name = SignalPrototypeTests;
			productName = SignalPrototypeTests;
			productReference = 0D66D68C191C7A6100510F35 /* SignalPrototypeTests.xctest */;
			productType = "com.apple.product-type.bundle.unit-test";
		};
/* End PBXNativeTarget section */

/* Begin PBXProject section */
		0D66D669191C7A6100510F35 /* Project object */ = {
			isa = PBXProject;
			attributes = {
				CLASSPREFIX = SG;
				LastUpgradeCheck = 0510;
				ORGANIZATIONNAME = Signal;
				TargetAttributes = {
					0D66D670191C7A6100510F35 = {
						DevelopmentTeam = HX4KGNZD2W;
					};
					0D66D68B191C7A6100510F35 = {
						TestTargetID = 0D66D670191C7A6100510F35;
					};
				};
			};
			buildConfigurationList = 0D66D66C191C7A6100510F35 /* Build configuration list for PBXProject "SignalPrototype" */;
			compatibilityVersion = "Xcode 3.2";
			developmentRegion = English;
			hasScannedForEncodings = 0;
			knownRegions = (
				en,
			);
			mainGroup = 0D66D668191C7A6100510F35;
			productRefGroup = 0D66D672191C7A6100510F35 /* Products */;
			projectDirPath = "";
			projectRoot = "";
			targets = (
				0D66D670191C7A6100510F35 /* SignalPrototype */,
				0D66D68B191C7A6100510F35 /* SignalPrototypeTests */,
			);
		};
/* End PBXProject section */

/* Begin PBXResourcesBuildPhase section */
		0D66D66F191C7A6100510F35 /* Resources */ = {
			isa = PBXResourcesBuildPhase;
			buildActionMask = 2147483647;
			files = (
				0D515725191D60F000FD9378 /* HBWelcomeStartViewController.xib in Resources */,
				0D5156F9191D355D00FD9378 /* HBLoginViewController.xib in Resources */,
				0D515701191D355D00FD9378 /* SGCreateThreadViewController.xib in Resources */,
				0D515715191D591500FD9378 /* Localizable.strings in Resources */,
				0D515706191D359400FD9378 /* SGInitialViewController.xib in Resources */,
				0D51570C191D3BA000FD9378 /* DiallingCodes.plist in Resources */,
				0D66D67F191C7A6100510F35 /* InfoPlist.strings in Resources */,
				0D5156FF191D355D00FD9378 /* SGConversationsViewController.xib in Resources */,
				0D5156FD191D355D00FD9378 /* HBVerifyPhoneViewController.xib in Resources */,
				0D5156F6191D355D00FD9378 /* HBCountryPickerViewController.xib in Resources */,
				0D66D687191C7A6100510F35 /* Images.xcassets in Resources */,
				0D5156FB191D355D00FD9378 /* HBRegisterViewController.xib in Resources */,
			);
			runOnlyForDeploymentPostprocessing = 0;
		};
		0D66D68A191C7A6100510F35 /* Resources */ = {
			isa = PBXResourcesBuildPhase;
			buildActionMask = 2147483647;
			files = (
				0D66D698191C7A6100510F35 /* InfoPlist.strings in Resources */,
			);
			runOnlyForDeploymentPostprocessing = 0;
		};
/* End PBXResourcesBuildPhase section */

/* Begin PBXShellScriptBuildPhase section */
		43306EA41AD648A3AED3CC7D /* Copy Pods Resources */ = {
			isa = PBXShellScriptBuildPhase;
			buildActionMask = 2147483647;
			files = (
			);
			inputPaths = (
			);
			name = "Copy Pods Resources";
			outputPaths = (
			);
			runOnlyForDeploymentPostprocessing = 0;
			shellPath = /bin/sh;
			shellScript = "\"${SRCROOT}/Pods/Pods-resources.sh\"\n";
			showEnvVarsInLog = 0;
		};
		B4460948397D4A5988D86EFC /* Check Pods Manifest.lock */ = {
			isa = PBXShellScriptBuildPhase;
			buildActionMask = 2147483647;
			files = (
			);
			inputPaths = (
			);
			name = "Check Pods Manifest.lock";
			outputPaths = (
			);
			runOnlyForDeploymentPostprocessing = 0;
			shellPath = /bin/sh;
			shellScript = "diff \"${PODS_ROOT}/../Podfile.lock\" \"${PODS_ROOT}/Manifest.lock\" > /dev/null\nif [[ $? != 0 ]] ; then\n    cat << EOM\nerror: The sandbox is not in sync with the Podfile.lock. Run 'pod install' or update your CocoaPods installation.\nEOM\n    exit 1\nfi\n";
			showEnvVarsInLog = 0;
		};
/* End PBXShellScriptBuildPhase section */

/* Begin PBXSourcesBuildPhase section */
		0D66D66D191C7A6100510F35 /* Sources */ = {
			isa = PBXSourcesBuildPhase;
			buildActionMask = 2147483647;
			files = (
				0D5156C8191D2DFD00FD9378 /* SGDatabase.m in Sources */,
				0D5156C6191D2DFD00FD9378 /* SGConversation.m in Sources */,
				0D66D6BA191C7B6E00510F35 /* JNIcon.m in Sources */,
				0D51571A191D59ED00FD9378 /* HBWelcomeFlow.m in Sources */,
				0D66D6BB191C7B6E00510F35 /* JNViewController.m in Sources */,
				0D5156DB191D2DFD00FD9378 /* SGRecentFriend.m in Sources */,
				0D66D685191C7A6100510F35 /* SGAppDelegate.m in Sources */,
				0D5156BF191D2DFD00FD9378 /* SGBuildContacts.m in Sources */,
				0D5156F7191D355D00FD9378 /* HBLoginViewController.m in Sources */,
				0D515710191D54B800FD9378 /* SGSmallModalView.m in Sources */,
				0D5156D1191D2DFD00FD9378 /* SGSchemaAppVersion+Service.m in Sources */,
				0D515724191D60F000FD9378 /* HBWelcomeStartViewController.m in Sources */,
				0D5156CF191D2DFD00FD9378 /* SGPendingVideo+Service.m in Sources */,
				0D5156CE191D2DFD00FD9378 /* SGMessageText.m in Sources */,
				0D5156C0191D2DFD00FD9378 /* SGContact+Service.m in Sources */,
				0D515609191D276F00FD9378 /* SGStatusBarNotification.m in Sources */,
				0D5156D9191D2DFD00FD9378 /* SGFriend.m in Sources */,
				0D66D6BF191C7B6E00510F35 /* UIImage+JNHelper.m in Sources */,
				0D5156D2191D2DFD00FD9378 /* SGSchemaAppVersion.m in Sources */,
				0D5156D7191D2DFD00FD9378 /* SGVideodata.m in Sources */,
				0D66D6BC191C7B6E00510F35 /* NSObject+JNHelper.m in Sources */,
				0D66D6BE191C7B6E00510F35 /* UIFont+JNHelper.m in Sources */,
				0D51572C191D634F00FD9378 /* HBPushNotificationHandler.m in Sources */,
				0D5155FD191D24C400FD9378 /* JNFileUtils.m in Sources */,
				0D5156C2191D2DFD00FD9378 /* SGMembership+Service.m in Sources */,
				0D51560D191D286900FD9378 /* JNAppManager.m in Sources */,
				0D5156F5191D355D00FD9378 /* HBCountryPickerViewController.m in Sources */,
				0D5156FA191D355D00FD9378 /* HBRegisterViewController.m in Sources */,
				0D5156D0191D2DFD00FD9378 /* SGPendingVideo.m in Sources */,
				0D5156DA191D2DFD00FD9378 /* SGRecentFriend+Service.m in Sources */,
				0D66D6BD191C7B6E00510F35 /* UIColor+JNHelper.m in Sources */,
				0D5156D6191D2DFD00FD9378 /* SGVideo.m in Sources */,
				0D5156C5191D2DFD00FD9378 /* SGConversation+Service.m in Sources */,
				0D5156FC191D355D00FD9378 /* HBVerifyPhoneViewController.m in Sources */,
				0D515728191D61EF00FD9378 /* HBWelcomeAllowPushViewController.m in Sources */,
				0D5156C9191D2DFD00FD9378 /* SGInvitee+Service.m in Sources */,
				0D5156DF191D2DFD00FD9378 /* SGUser.m in Sources */,
				0D66D6C1191C7B6E00510F35 /* UIViewController+JNHelper.m in Sources */,
				0D5156C7191D2DFD00FD9378 /* SGConversationObject.m in Sources */,
				0D03F1B7191D1EF800AE0EF9 /* SGConstants.m in Sources */,
				0D66D681191C7A6100510F35 /* main.m in Sources */,
				0D5156DE191D2DFD00FD9378 /* SGUser+Service.m in Sources */,
				0D5156FE191D355D00FD9378 /* SGConversationsViewController.m in Sources */,
				0D5156D8191D2DFD00FD9378 /* SGFriend+Service.m in Sources */,
				0D5156C1191D2DFD00FD9378 /* SGContact.m in Sources */,
				0D66D6C6191C7BB500510F35 /* JNLogger.m in Sources */,
				0D5156DC191D2DFD00FD9378 /* SGUnaddedFriend+Service.m in Sources */,
				0D515611191D29DA00FD9378 /* SGMetrics.m in Sources */,
				0D5156D3191D2DFD00FD9378 /* SGSession.m in Sources */,
				0D51571F191D5A7A00FD9378 /* HBBaseWelcomeViewController.m in Sources */,
				0D5156C4191D2DFD00FD9378 /* SGBaseModel.m in Sources */,
				0D5156C3191D2DFD00FD9378 /* SGMembership.m in Sources */,
				0D03F140191D1DFA00AE0EF9 /* SGAPIClient.m in Sources */,
				0D03F1BD191D1F0D00AE0EF9 /* NSString+MD5.m in Sources */,
				0D66D6C0191C7B6E00510F35 /* UIView+JNHelper.m in Sources */,
				0D515605191D264D00FD9378 /* JNSimpleDataStore.m in Sources */,
				0D5156CD191D2DFD00FD9378 /* SGMessageText+Service.m in Sources */,
				0D515705191D359300FD9378 /* SGInitialViewController.m in Sources */,
				0D515700191D355D00FD9378 /* SGCreateThreadViewController.m in Sources */,
				0D5156D4191D2DFD00FD9378 /* SGSync.m in Sources */,
				0D5156DD191D2DFD00FD9378 /* SGUnaddedFriend.m in Sources */,
				0D5156CC191D2DFD00FD9378 /* SGMessage.m in Sources */,
				0D5156CA191D2DFD00FD9378 /* SGInvitee.m in Sources */,
				0D5156D5191D2DFD00FD9378 /* SGVideo+Service.m in Sources */,
				0D03F1B4191D1EF100AE0EF9 /* SGServerConstants.m in Sources */,
				0D66D6B9191C7B6E00510F35 /* JNAlertView.m in Sources */,
				0D5156CB191D2DFD00FD9378 /* SGMessage+Service.m in Sources */,
				0D51570D191D3BA000FD9378 /* HMDiallingCode.m in Sources */,
				0D03F1BA191D1F0800AE0EF9 /* CGUtils.m in Sources */,
			);
			runOnlyForDeploymentPostprocessing = 0;
		};
		0D66D688191C7A6100510F35 /* Sources */ = {
			isa = PBXSourcesBuildPhase;
			buildActionMask = 2147483647;
			files = (
				0D66D69A191C7A6100510F35 /* SignalPrototypeTests.m in Sources */,
			);
			runOnlyForDeploymentPostprocessing = 0;
		};
/* End PBXSourcesBuildPhase section */

/* Begin PBXTargetDependency section */
		0D66D692191C7A6100510F35 /* PBXTargetDependency */ = {
			isa = PBXTargetDependency;
			target = 0D66D670191C7A6100510F35 /* SignalPrototype */;
			targetProxy = 0D66D691191C7A6100510F35 /* PBXContainerItemProxy */;
		};
/* End PBXTargetDependency section */

/* Begin PBXVariantGroup section */
		0D515717191D591500FD9378 /* Localizable.strings */ = {
			isa = PBXVariantGroup;
			children = (
				0D515716191D591500FD9378 /* en */,
			);
			name = Localizable.strings;
			sourceTree = "<group>";
		};
		0D66D67D191C7A6100510F35 /* InfoPlist.strings */ = {
			isa = PBXVariantGroup;
			children = (
				0D66D67E191C7A6100510F35 /* en */,
			);
			name = InfoPlist.strings;
			sourceTree = "<group>";
		};
		0D66D696191C7A6100510F35 /* InfoPlist.strings */ = {
			isa = PBXVariantGroup;
			children = (
				0D66D697191C7A6100510F35 /* en */,
			);
			name = InfoPlist.strings;
			sourceTree = "<group>";
		};
/* End PBXVariantGroup section */

/* Begin XCBuildConfiguration section */
		0D66D69B191C7A6100510F35 /* Debug */ = {
			isa = XCBuildConfiguration;
			buildSettings = {
				ALWAYS_SEARCH_USER_PATHS = NO;
				CLANG_CXX_LANGUAGE_STANDARD = "gnu++0x";
				CLANG_CXX_LIBRARY = "libc++";
				CLANG_ENABLE_MODULES = YES;
				CLANG_ENABLE_OBJC_ARC = YES;
				CLANG_WARN_BOOL_CONVERSION = YES;
				CLANG_WARN_CONSTANT_CONVERSION = YES;
				CLANG_WARN_DIRECT_OBJC_ISA_USAGE = YES_ERROR;
				CLANG_WARN_EMPTY_BODY = YES;
				CLANG_WARN_ENUM_CONVERSION = YES;
				CLANG_WARN_INT_CONVERSION = YES;
				CLANG_WARN_OBJC_ROOT_CLASS = YES_ERROR;
				CLANG_WARN__DUPLICATE_METHOD_MATCH = YES;
				"CODE_SIGN_IDENTITY[sdk=iphoneos*]" = "iPhone Developer";
				COPY_PHASE_STRIP = NO;
				GCC_C_LANGUAGE_STANDARD = gnu99;
				GCC_DYNAMIC_NO_PIC = NO;
				GCC_OPTIMIZATION_LEVEL = 0;
				GCC_PREPROCESSOR_DEFINITIONS = (
					"DEBUG=1",
					"$(inherited)",
				);
				GCC_SYMBOLS_PRIVATE_EXTERN = NO;
				GCC_WARN_64_TO_32_BIT_CONVERSION = YES;
				GCC_WARN_ABOUT_RETURN_TYPE = YES_ERROR;
				GCC_WARN_UNDECLARED_SELECTOR = YES;
				GCC_WARN_UNINITIALIZED_AUTOS = YES_AGGRESSIVE;
				GCC_WARN_UNUSED_FUNCTION = YES;
				GCC_WARN_UNUSED_VARIABLE = YES;
				IPHONEOS_DEPLOYMENT_TARGET = 7.1;
				ONLY_ACTIVE_ARCH = YES;
				SDKROOT = iphoneos;
			};
			name = Debug;
		};
		0D66D69C191C7A6100510F35 /* Release */ = {
			isa = XCBuildConfiguration;
			buildSettings = {
				ALWAYS_SEARCH_USER_PATHS = NO;
				CLANG_CXX_LANGUAGE_STANDARD = "gnu++0x";
				CLANG_CXX_LIBRARY = "libc++";
				CLANG_ENABLE_MODULES = YES;
				CLANG_ENABLE_OBJC_ARC = YES;
				CLANG_WARN_BOOL_CONVERSION = YES;
				CLANG_WARN_CONSTANT_CONVERSION = YES;
				CLANG_WARN_DIRECT_OBJC_ISA_USAGE = YES_ERROR;
				CLANG_WARN_EMPTY_BODY = YES;
				CLANG_WARN_ENUM_CONVERSION = YES;
				CLANG_WARN_INT_CONVERSION = YES;
				CLANG_WARN_OBJC_ROOT_CLASS = YES_ERROR;
				CLANG_WARN__DUPLICATE_METHOD_MATCH = YES;
				"CODE_SIGN_IDENTITY[sdk=iphoneos*]" = "iPhone Developer";
				COPY_PHASE_STRIP = YES;
				ENABLE_NS_ASSERTIONS = NO;
				GCC_C_LANGUAGE_STANDARD = gnu99;
				GCC_WARN_64_TO_32_BIT_CONVERSION = YES;
				GCC_WARN_ABOUT_RETURN_TYPE = YES_ERROR;
				GCC_WARN_UNDECLARED_SELECTOR = YES;
				GCC_WARN_UNINITIALIZED_AUTOS = YES_AGGRESSIVE;
				GCC_WARN_UNUSED_FUNCTION = YES;
				GCC_WARN_UNUSED_VARIABLE = YES;
				IPHONEOS_DEPLOYMENT_TARGET = 7.1;
				SDKROOT = iphoneos;
				VALIDATE_PRODUCT = YES;
			};
			name = Release;
		};
		0D66D69E191C7A6100510F35 /* Debug */ = {
			isa = XCBuildConfiguration;
			baseConfigurationReference = B8295428D3884273B3B149DD /* Pods.xcconfig */;
			buildSettings = {
				ASSETCATALOG_COMPILER_APPICON_NAME = AppIcon;
				ASSETCATALOG_COMPILER_LAUNCHIMAGE_NAME = LaunchImage;
				CODE_SIGN_IDENTITY = "iPhone Developer: Will Dennis (28S6U8566M)";
				"CODE_SIGN_IDENTITY[sdk=iphoneos*]" = "iPhone Developer: Will Dennis (28S6U8566M)";
				GCC_PRECOMPILE_PREFIX_HEADER = YES;
				GCC_PREFIX_HEADER = "SignalPrototype/SignalPrototype-Prefix.pch";
				INFOPLIST_FILE = "SignalPrototype/SignalPrototype-Info.plist";
				PRODUCT_NAME = "$(TARGET_NAME)";
				PROVISIONING_PROFILE = "9D10B8CC-637F-4713-B796-E985FBD4C6B1";
				WRAPPER_EXTENSION = app;
			};
			name = Debug;
		};
		0D66D69F191C7A6100510F35 /* Release */ = {
			isa = XCBuildConfiguration;
			baseConfigurationReference = B8295428D3884273B3B149DD /* Pods.xcconfig */;
			buildSettings = {
				ASSETCATALOG_COMPILER_APPICON_NAME = AppIcon;
				ASSETCATALOG_COMPILER_LAUNCHIMAGE_NAME = LaunchImage;
				CODE_SIGN_IDENTITY = "iPhone Distribution: moziy, inc.";
				"CODE_SIGN_IDENTITY[sdk=iphoneos*]" = "iPhone Distribution: moziy, inc.";
				GCC_PRECOMPILE_PREFIX_HEADER = YES;
				GCC_PREFIX_HEADER = "SignalPrototype/SignalPrototype-Prefix.pch";
				INFOPLIST_FILE = "SignalPrototype/SignalPrototype-Info.plist";
				PRODUCT_NAME = "$(TARGET_NAME)";
				PROVISIONING_PROFILE = "D22A7829-0AF5-4B6D-BC74-AE1D16D633AA";
				WRAPPER_EXTENSION = app;
			};
			name = Release;
		};
		0D66D6A1191C7A6100510F35 /* Debug */ = {
			isa = XCBuildConfiguration;
			buildSettings = {
				BUNDLE_LOADER = "$(BUILT_PRODUCTS_DIR)/SignalPrototype.app/SignalPrototype";
				FRAMEWORK_SEARCH_PATHS = (
					"$(SDKROOT)/Developer/Library/Frameworks",
					"$(inherited)",
					"$(DEVELOPER_FRAMEWORKS_DIR)",
				);
				GCC_PRECOMPILE_PREFIX_HEADER = YES;
				GCC_PREFIX_HEADER = "SignalPrototype/SignalPrototype-Prefix.pch";
				GCC_PREPROCESSOR_DEFINITIONS = (
					"DEBUG=1",
					"$(inherited)",
				);
				INFOPLIST_FILE = "SignalPrototypeTests/SignalPrototypeTests-Info.plist";
				PRODUCT_NAME = "$(TARGET_NAME)";
				TEST_HOST = "$(BUNDLE_LOADER)";
				WRAPPER_EXTENSION = xctest;
			};
			name = Debug;
		};
		0D66D6A2191C7A6100510F35 /* Release */ = {
			isa = XCBuildConfiguration;
			buildSettings = {
				BUNDLE_LOADER = "$(BUILT_PRODUCTS_DIR)/SignalPrototype.app/SignalPrototype";
				FRAMEWORK_SEARCH_PATHS = (
					"$(SDKROOT)/Developer/Library/Frameworks",
					"$(inherited)",
					"$(DEVELOPER_FRAMEWORKS_DIR)",
				);
				GCC_PRECOMPILE_PREFIX_HEADER = YES;
				GCC_PREFIX_HEADER = "SignalPrototype/SignalPrototype-Prefix.pch";
				INFOPLIST_FILE = "SignalPrototypeTests/SignalPrototypeTests-Info.plist";
				PRODUCT_NAME = "$(TARGET_NAME)";
				TEST_HOST = "$(BUNDLE_LOADER)";
				WRAPPER_EXTENSION = xctest;
			};
			name = Release;
		};
/* End XCBuildConfiguration section */

/* Begin XCConfigurationList section */
		0D66D66C191C7A6100510F35 /* Build configuration list for PBXProject "SignalPrototype" */ = {
			isa = XCConfigurationList;
			buildConfigurations = (
				0D66D69B191C7A6100510F35 /* Debug */,
				0D66D69C191C7A6100510F35 /* Release */,
			);
			defaultConfigurationIsVisible = 0;
			defaultConfigurationName = Release;
		};
		0D66D69D191C7A6100510F35 /* Build configuration list for PBXNativeTarget "SignalPrototype" */ = {
			isa = XCConfigurationList;
			buildConfigurations = (
				0D66D69E191C7A6100510F35 /* Debug */,
				0D66D69F191C7A6100510F35 /* Release */,
			);
			defaultConfigurationIsVisible = 0;
			defaultConfigurationName = Release;
		};
		0D66D6A0191C7A6100510F35 /* Build configuration list for PBXNativeTarget "SignalPrototypeTests" */ = {
			isa = XCConfigurationList;
			buildConfigurations = (
				0D66D6A1191C7A6100510F35 /* Debug */,
				0D66D6A2191C7A6100510F35 /* Release */,
			);
			defaultConfigurationIsVisible = 0;
			defaultConfigurationName = Release;
		};
/* End XCConfigurationList section */
	};
	rootObject = 0D66D669191C7A6100510F35 /* Project object */;
}
